// !$*UTF8*$!
{
	archiveVersion = 1;
	classes = {
	};
	objectVersion = 46;
	objects = {

/* Begin PBXBuildFile section */
		4A3CFEFB1CDD5F37003EF6F0 /* MetovaTestKit.h in Headers */ = {isa = PBXBuildFile; fileRef = 4A3CFEFA1CDD5F37003EF6F0 /* MetovaTestKit.h */; settings = {ATTRIBUTES = (Public, ); }; };
		4A3CFF021CDD5F37003EF6F0 /* MetovaTestKit.framework in Frameworks */ = {isa = PBXBuildFile; fileRef = 4A3CFEF71CDD5F37003EF6F0 /* MetovaTestKit.framework */; };
		4A3CFFCB1CDE1473003EF6F0 /* XCTest.framework in Frameworks */ = {isa = PBXBuildFile; fileRef = 4A3CFFCA1CDE1473003EF6F0 /* XCTest.framework */; };
		4A3CFFCE1CDE1548003EF6F0 /* ExceptionTestingTests.swift in Sources */ = {isa = PBXBuildFile; fileRef = 4A3CFFCD1CDE1548003EF6F0 /* ExceptionTestingTests.swift */; };
		4A771F351D4C173300EFD0B8 /* ConstraintTestingTests.swift in Sources */ = {isa = PBXBuildFile; fileRef = 4A771F341D4C173300EFD0B8 /* ConstraintTestingTests.swift */; };
		4A771FC91D4D534200EFD0B8 /* MTKBaseTestCase.swift in Sources */ = {isa = PBXBuildFile; fileRef = 4A771FC81D4D534200EFD0B8 /* MTKBaseTestCase.swift */; };
		4A8AD4F41CDEB7A60085984D /* TestableProtocolTests.swift in Sources */ = {isa = PBXBuildFile; fileRef = 4A8AD4F31CDEB7A60085984D /* TestableProtocolTests.swift */; };
		4A91E13E2155784E0003B78B /* MTKBrokenConstraintCounter.h in Headers */ = {isa = PBXBuildFile; fileRef = 4ADA98E0214AA67B00B91CF2 /* MTKBrokenConstraintCounter.h */; settings = {ATTRIBUTES = (Public, ); }; };
		4A91E13F2155784E0003B78B /* MTKExceptionTester.h in Headers */ = {isa = PBXBuildFile; fileRef = 4ADA98E6214AA68D00B91CF2 /* MTKExceptionTester.h */; settings = {ATTRIBUTES = (Public, ); }; };
		4ADA98D4214AA65200B91CF2 /* UIBarButtonItemAssertions.swift in Sources */ = {isa = PBXBuildFile; fileRef = 4ADA98D0214AA65200B91CF2 /* UIBarButtonItemAssertions.swift */; };
		4ADA98D5214AA65200B91CF2 /* UISegmentedControlAssertions.swift in Sources */ = {isa = PBXBuildFile; fileRef = 4ADA98D1214AA65200B91CF2 /* UISegmentedControlAssertions.swift */; };
		4ADA98D6214AA65200B91CF2 /* UIControlAssertions.swift in Sources */ = {isa = PBXBuildFile; fileRef = 4ADA98D2214AA65200B91CF2 /* UIControlAssertions.swift */; };
		4ADA98D7214AA65200B91CF2 /* UIAlertControllerAssertions.swift in Sources */ = {isa = PBXBuildFile; fileRef = 4ADA98D3214AA65200B91CF2 /* UIAlertControllerAssertions.swift */; };
		4ADA98DB214AA66A00B91CF2 /* Array+Utilities.swift in Sources */ = {isa = PBXBuildFile; fileRef = 4ADA98D8214AA66A00B91CF2 /* Array+Utilities.swift */; };
		4ADA98DC214AA66A00B91CF2 /* FailureRecording.swift in Sources */ = {isa = PBXBuildFile; fileRef = 4ADA98D9214AA66A00B91CF2 /* FailureRecording.swift */; };
		4ADA98DD214AA66A00B91CF2 /* QuotedString.swift in Sources */ = {isa = PBXBuildFile; fileRef = 4ADA98DA214AA66A00B91CF2 /* QuotedString.swift */; };
		4ADA98E1214AA67B00B91CF2 /* MTKConstraintTester.swift in Sources */ = {isa = PBXBuildFile; fileRef = 4ADA98DE214AA67B00B91CF2 /* MTKConstraintTester.swift */; };
		4ADA98E2214AA67B00B91CF2 /* MTKBrokenConstraintCounter.m in Sources */ = {isa = PBXBuildFile; fileRef = 4ADA98DF214AA67B00B91CF2 /* MTKBrokenConstraintCounter.m */; };
		4ADA98E7214AA68D00B91CF2 /* MTKExceptionTesting.swift in Sources */ = {isa = PBXBuildFile; fileRef = 4ADA98E4214AA68D00B91CF2 /* MTKExceptionTesting.swift */; };
		4ADA98E8214AA68D00B91CF2 /* MTKExceptionTester.m in Sources */ = {isa = PBXBuildFile; fileRef = 4ADA98E5214AA68D00B91CF2 /* MTKExceptionTester.m */; };
		4ADA98EC214AA69B00B91CF2 /* MTKTestable+UIViewController.swift in Sources */ = {isa = PBXBuildFile; fileRef = 4ADA98EA214AA69B00B91CF2 /* MTKTestable+UIViewController.swift */; };
		4ADA98ED214AA69B00B91CF2 /* MTKTestable.swift in Sources */ = {isa = PBXBuildFile; fileRef = 4ADA98EB214AA69B00B91CF2 /* MTKTestable.swift */; };
		4ADA98F1214AAA0700B91CF2 /* TestableViewController.swift in Sources */ = {isa = PBXBuildFile; fileRef = 4ADA98EF214AAA0700B91CF2 /* TestableViewController.swift */; };
		4ADA98F2214AAA0700B91CF2 /* TestableViewController.xib in Resources */ = {isa = PBXBuildFile; fileRef = 4ADA98F0214AAA0700B91CF2 /* TestableViewController.xib */; };
		4ADA98F5214AAA1400B91CF2 /* FailureRecordingTests.swift in Sources */ = {isa = PBXBuildFile; fileRef = 4ADA98F3214AAA1400B91CF2 /* FailureRecordingTests.swift */; };
		4ADA98F6214AAA1400B91CF2 /* QuotedStringTests.swift in Sources */ = {isa = PBXBuildFile; fileRef = 4ADA98F4214AAA1400B91CF2 /* QuotedStringTests.swift */; };
		4ADA98FA214AAA2D00B91CF2 /* UIControlTestingTests.swift in Sources */ = {isa = PBXBuildFile; fileRef = 4ADA98F7214AAA2D00B91CF2 /* UIControlTestingTests.swift */; };
		4ADA98FB214AAA2D00B91CF2 /* UISegmentedControlTestingTests.swift in Sources */ = {isa = PBXBuildFile; fileRef = 4ADA98F8214AAA2D00B91CF2 /* UISegmentedControlTestingTests.swift */; };
		4ADA98FC214AAA2D00B91CF2 /* UIAlertControllerTestingTests.swift in Sources */ = {isa = PBXBuildFile; fileRef = 4ADA98F9214AAA2D00B91CF2 /* UIAlertControllerTestingTests.swift */; };
		4ADA98FE214AAA5400B91CF2 /* AsyncTestingTests.swift in Sources */ = {isa = PBXBuildFile; fileRef = 4ADA98FD214AAA5400B91CF2 /* AsyncTestingTests.swift */; };
		6E0D0B461F1FEE3900600571 /* UIBarButtonItemTestingTests.swift in Sources */ = {isa = PBXBuildFile; fileRef = 6E0D0B451F1FEE3900600571 /* UIBarButtonItemTestingTests.swift */; };
		6EC1A6B01EBCDDAF000DEFA6 /* XCTestCase+AsyncTesting.swift in Sources */ = {isa = PBXBuildFile; fileRef = 6EC1A6AF1EBCDDAF000DEFA6 /* XCTestCase+AsyncTesting.swift */; };
		8C5DBD5EA5193DF58D0EF97C /* Pods_MetovaTestKit.framework in Frameworks */ = {isa = PBXBuildFile; fileRef = 79631A34E94E032EB303D968 /* Pods_MetovaTestKit.framework */; };
/* End PBXBuildFile section */

/* Begin PBXContainerItemProxy section */
		4A3CFF031CDD5F37003EF6F0 /* PBXContainerItemProxy */ = {
			isa = PBXContainerItemProxy;
			containerPortal = 4A3CFEEE1CDD5F37003EF6F0 /* Project object */;
			proxyType = 1;
			remoteGlobalIDString = 4A3CFEF61CDD5F37003EF6F0;
			remoteInfo = MetovaTestKit;
		};
/* End PBXContainerItemProxy section */

/* Begin PBXFileReference section */
		152CC7EA0C83675F6522A85B /* Pods-MetovaTestKit.debug.xcconfig */ = {isa = PBXFileReference; includeInIndex = 1; lastKnownFileType = text.xcconfig; name = "Pods-MetovaTestKit.debug.xcconfig"; path = "Pods/Target Support Files/Pods-MetovaTestKit/Pods-MetovaTestKit.debug.xcconfig"; sourceTree = "<group>"; };
		4A3CFEF71CDD5F37003EF6F0 /* MetovaTestKit.framework */ = {isa = PBXFileReference; explicitFileType = wrapper.framework; includeInIndex = 0; path = MetovaTestKit.framework; sourceTree = BUILT_PRODUCTS_DIR; };
		4A3CFEFA1CDD5F37003EF6F0 /* MetovaTestKit.h */ = {isa = PBXFileReference; lastKnownFileType = sourcecode.c.h; path = MetovaTestKit.h; sourceTree = "<group>"; };
		4A3CFEFC1CDD5F37003EF6F0 /* Info.plist */ = {isa = PBXFileReference; lastKnownFileType = text.plist.xml; path = Info.plist; sourceTree = "<group>"; };
		4A3CFF011CDD5F37003EF6F0 /* MetovaTestKitTests.xctest */ = {isa = PBXFileReference; explicitFileType = wrapper.cfbundle; includeInIndex = 0; path = MetovaTestKitTests.xctest; sourceTree = BUILT_PRODUCTS_DIR; };
		4A3CFF081CDD5F37003EF6F0 /* Info.plist */ = {isa = PBXFileReference; lastKnownFileType = text.plist.xml; path = Info.plist; sourceTree = "<group>"; };
		4A3CFF121CDD6043003EF6F0 /* .gitignore */ = {isa = PBXFileReference; fileEncoding = 4; lastKnownFileType = text; path = .gitignore; sourceTree = "<group>"; };
		4A3CFF131CDD6043003EF6F0 /* .slather.yml */ = {isa = PBXFileReference; fileEncoding = 4; lastKnownFileType = text; path = .slather.yml; sourceTree = "<group>"; };
		4A3CFF141CDD6043003EF6F0 /* .swiftlint.yml */ = {isa = PBXFileReference; fileEncoding = 4; indentWidth = 2; lastKnownFileType = text; path = .swiftlint.yml; sourceTree = "<group>"; };
		4A3CFF151CDD6043003EF6F0 /* CHANGELOG.md */ = {isa = PBXFileReference; fileEncoding = 4; lastKnownFileType = net.daringfireball.markdown; path = CHANGELOG.md; sourceTree = "<group>"; };
		4A3CFF161CDD6043003EF6F0 /* LICENSE */ = {isa = PBXFileReference; fileEncoding = 4; lastKnownFileType = text; path = LICENSE; sourceTree = "<group>"; };
		4A3CFF181CDD6043003EF6F0 /* README.md */ = {isa = PBXFileReference; fileEncoding = 4; lastKnownFileType = net.daringfireball.markdown; path = README.md; sourceTree = "<group>"; };
		4A3CFFCA1CDE1473003EF6F0 /* XCTest.framework */ = {isa = PBXFileReference; lastKnownFileType = wrapper.framework; name = XCTest.framework; path = Platforms/iPhoneSimulator.platform/Developer/Library/Frameworks/XCTest.framework; sourceTree = DEVELOPER_DIR; };
		4A3CFFCD1CDE1548003EF6F0 /* ExceptionTestingTests.swift */ = {isa = PBXFileReference; fileEncoding = 4; lastKnownFileType = sourcecode.swift; path = ExceptionTestingTests.swift; sourceTree = "<group>"; };
		4A771F341D4C173300EFD0B8 /* ConstraintTestingTests.swift */ = {isa = PBXFileReference; fileEncoding = 4; lastKnownFileType = sourcecode.swift; path = ConstraintTestingTests.swift; sourceTree = "<group>"; };
		4A771FC81D4D534200EFD0B8 /* MTKBaseTestCase.swift */ = {isa = PBXFileReference; fileEncoding = 4; lastKnownFileType = sourcecode.swift; name = MTKBaseTestCase.swift; path = "Supporting Test Files/MTKBaseTestCase.swift"; sourceTree = "<group>"; };
		4A8AD4F31CDEB7A60085984D /* TestableProtocolTests.swift */ = {isa = PBXFileReference; fileEncoding = 4; lastKnownFileType = sourcecode.swift; path = TestableProtocolTests.swift; sourceTree = "<group>"; };
		4A8AD4F51CDEDF110085984D /* CONTRIBUTING.md */ = {isa = PBXFileReference; fileEncoding = 4; lastKnownFileType = net.daringfireball.markdown; path = CONTRIBUTING.md; sourceTree = "<group>"; };
		4A8AD4F71CDEE4220085984D /* .travis.yml */ = {isa = PBXFileReference; indentWidth = 2; lastKnownFileType = text; path = .travis.yml; sourceTree = "<group>"; };
		4AB9A3E01CDF6AB00021B6B8 /* Gemfile */ = {isa = PBXFileReference; explicitFileType = text.script.ruby; indentWidth = 2; path = Gemfile; sourceTree = "<group>"; };
		4ADA98D0214AA65200B91CF2 /* UIBarButtonItemAssertions.swift */ = {isa = PBXFileReference; fileEncoding = 4; lastKnownFileType = sourcecode.swift; path = UIBarButtonItemAssertions.swift; sourceTree = "<group>"; };
		4ADA98D1214AA65200B91CF2 /* UISegmentedControlAssertions.swift */ = {isa = PBXFileReference; fileEncoding = 4; lastKnownFileType = sourcecode.swift; path = UISegmentedControlAssertions.swift; sourceTree = "<group>"; };
		4ADA98D2214AA65200B91CF2 /* UIControlAssertions.swift */ = {isa = PBXFileReference; fileEncoding = 4; lastKnownFileType = sourcecode.swift; path = UIControlAssertions.swift; sourceTree = "<group>"; };
		4ADA98D3214AA65200B91CF2 /* UIAlertControllerAssertions.swift */ = {isa = PBXFileReference; fileEncoding = 4; lastKnownFileType = sourcecode.swift; path = UIAlertControllerAssertions.swift; sourceTree = "<group>"; };
		4ADA98D8214AA66A00B91CF2 /* Array+Utilities.swift */ = {isa = PBXFileReference; fileEncoding = 4; lastKnownFileType = sourcecode.swift; path = "Array+Utilities.swift"; sourceTree = "<group>"; };
		4ADA98D9214AA66A00B91CF2 /* FailureRecording.swift */ = {isa = PBXFileReference; fileEncoding = 4; lastKnownFileType = sourcecode.swift; path = FailureRecording.swift; sourceTree = "<group>"; };
		4ADA98DA214AA66A00B91CF2 /* QuotedString.swift */ = {isa = PBXFileReference; fileEncoding = 4; lastKnownFileType = sourcecode.swift; path = QuotedString.swift; sourceTree = "<group>"; };
		4ADA98DE214AA67B00B91CF2 /* MTKConstraintTester.swift */ = {isa = PBXFileReference; fileEncoding = 4; lastKnownFileType = sourcecode.swift; path = MTKConstraintTester.swift; sourceTree = "<group>"; };
		4ADA98DF214AA67B00B91CF2 /* MTKBrokenConstraintCounter.m */ = {isa = PBXFileReference; fileEncoding = 4; lastKnownFileType = sourcecode.c.objc; path = MTKBrokenConstraintCounter.m; sourceTree = "<group>"; };
		4ADA98E0214AA67B00B91CF2 /* MTKBrokenConstraintCounter.h */ = {isa = PBXFileReference; fileEncoding = 4; lastKnownFileType = sourcecode.c.h; path = MTKBrokenConstraintCounter.h; sourceTree = "<group>"; };
		4ADA98E4214AA68D00B91CF2 /* MTKExceptionTesting.swift */ = {isa = PBXFileReference; fileEncoding = 4; lastKnownFileType = sourcecode.swift; path = MTKExceptionTesting.swift; sourceTree = "<group>"; };
		4ADA98E5214AA68D00B91CF2 /* MTKExceptionTester.m */ = {isa = PBXFileReference; fileEncoding = 4; lastKnownFileType = sourcecode.c.objc; path = MTKExceptionTester.m; sourceTree = "<group>"; };
		4ADA98E6214AA68D00B91CF2 /* MTKExceptionTester.h */ = {isa = PBXFileReference; fileEncoding = 4; lastKnownFileType = sourcecode.c.h; path = MTKExceptionTester.h; sourceTree = "<group>"; };
		4ADA98EA214AA69B00B91CF2 /* MTKTestable+UIViewController.swift */ = {isa = PBXFileReference; fileEncoding = 4; lastKnownFileType = sourcecode.swift; path = "MTKTestable+UIViewController.swift"; sourceTree = "<group>"; };
		4ADA98EB214AA69B00B91CF2 /* MTKTestable.swift */ = {isa = PBXFileReference; fileEncoding = 4; lastKnownFileType = sourcecode.swift; path = MTKTestable.swift; sourceTree = "<group>"; };
		4ADA98EF214AAA0700B91CF2 /* TestableViewController.swift */ = {isa = PBXFileReference; fileEncoding = 4; lastKnownFileType = sourcecode.swift; path = TestableViewController.swift; sourceTree = "<group>"; };
		4ADA98F0214AAA0700B91CF2 /* TestableViewController.xib */ = {isa = PBXFileReference; fileEncoding = 4; lastKnownFileType = file.xib; path = TestableViewController.xib; sourceTree = "<group>"; };
		4ADA98F3214AAA1400B91CF2 /* FailureRecordingTests.swift */ = {isa = PBXFileReference; fileEncoding = 4; lastKnownFileType = sourcecode.swift; path = FailureRecordingTests.swift; sourceTree = "<group>"; };
		4ADA98F4214AAA1400B91CF2 /* QuotedStringTests.swift */ = {isa = PBXFileReference; fileEncoding = 4; lastKnownFileType = sourcecode.swift; path = QuotedStringTests.swift; sourceTree = "<group>"; };
		4ADA98F7214AAA2D00B91CF2 /* UIControlTestingTests.swift */ = {isa = PBXFileReference; fileEncoding = 4; lastKnownFileType = sourcecode.swift; path = UIControlTestingTests.swift; sourceTree = "<group>"; };
		4ADA98F8214AAA2D00B91CF2 /* UISegmentedControlTestingTests.swift */ = {isa = PBXFileReference; fileEncoding = 4; lastKnownFileType = sourcecode.swift; path = UISegmentedControlTestingTests.swift; sourceTree = "<group>"; };
		4ADA98F9214AAA2D00B91CF2 /* UIAlertControllerTestingTests.swift */ = {isa = PBXFileReference; fileEncoding = 4; lastKnownFileType = sourcecode.swift; path = UIAlertControllerTestingTests.swift; sourceTree = "<group>"; };
		4ADA98FD214AAA5400B91CF2 /* AsyncTestingTests.swift */ = {isa = PBXFileReference; fileEncoding = 4; lastKnownFileType = sourcecode.swift; path = AsyncTestingTests.swift; sourceTree = "<group>"; };
		6E0D0B451F1FEE3900600571 /* UIBarButtonItemTestingTests.swift */ = {isa = PBXFileReference; fileEncoding = 4; lastKnownFileType = sourcecode.swift; path = UIBarButtonItemTestingTests.swift; sourceTree = "<group>"; };
		6E1816671F2796EB0034E26E /* badge.svg */ = {isa = PBXFileReference; lastKnownFileType = text; path = badge.svg; sourceTree = "<group>"; };
		6E1816691F2796EB0034E26E /* highlight.css */ = {isa = PBXFileReference; lastKnownFileType = text.css; path = highlight.css; sourceTree = "<group>"; };
		6E18166A1F2796EB0034E26E /* jazzy.css */ = {isa = PBXFileReference; lastKnownFileType = text.css; path = jazzy.css; sourceTree = "<group>"; };
		6E18166C1F2796EB0034E26E /* MetovaTestKit.docset */ = {isa = PBXFileReference; lastKnownFileType = wrapper; path = MetovaTestKit.docset; sourceTree = "<group>"; };
		6E18166D1F2796EB0034E26E /* MetovaTestKit.tgz */ = {isa = PBXFileReference; lastKnownFileType = file; path = MetovaTestKit.tgz; sourceTree = "<group>"; };
		6E18166F1F2796EB0034E26E /* UIAlertActionStyle.html */ = {isa = PBXFileReference; lastKnownFileType = text.html; path = UIAlertActionStyle.html; sourceTree = "<group>"; };
		6E1816701F2796EB0034E26E /* UIAlertControllerStyle.html */ = {isa = PBXFileReference; lastKnownFileType = text.html; path = UIAlertControllerStyle.html; sourceTree = "<group>"; };
		6E1816711F2796EB0034E26E /* XCTestCase.html */ = {isa = PBXFileReference; lastKnownFileType = text.html; path = XCTestCase.html; sourceTree = "<group>"; };
		6E1816721F2796EB0034E26E /* Extensions.html */ = {isa = PBXFileReference; lastKnownFileType = text.html; path = Extensions.html; sourceTree = "<group>"; };
		6E1816731F2796EB0034E26E /* Functions.html */ = {isa = PBXFileReference; lastKnownFileType = text.html; path = Functions.html; sourceTree = "<group>"; };
		6E1816751F2796EB0034E26E /* carat.png */ = {isa = PBXFileReference; lastKnownFileType = image.png; path = carat.png; sourceTree = "<group>"; };
		6E1816761F2796EB0034E26E /* dash.png */ = {isa = PBXFileReference; lastKnownFileType = image.png; path = dash.png; sourceTree = "<group>"; };
		6E1816771F2796EB0034E26E /* gh.png */ = {isa = PBXFileReference; lastKnownFileType = image.png; path = gh.png; sourceTree = "<group>"; };
		6E1816781F2796EB0034E26E /* spinner.gif */ = {isa = PBXFileReference; lastKnownFileType = image.gif; path = spinner.gif; sourceTree = "<group>"; };
		6E1816791F2796EB0034E26E /* index.html */ = {isa = PBXFileReference; lastKnownFileType = text.html; path = index.html; sourceTree = "<group>"; };
		6E18167B1F2796EB0034E26E /* jazzy.js */ = {isa = PBXFileReference; lastKnownFileType = sourcecode.javascript; path = jazzy.js; sourceTree = "<group>"; };
		6E18167C1F2796EB0034E26E /* jazzy.search.js */ = {isa = PBXFileReference; lastKnownFileType = sourcecode.javascript; path = jazzy.search.js; sourceTree = "<group>"; };
		6E18167D1F2796EB0034E26E /* jquery.min.js */ = {isa = PBXFileReference; lastKnownFileType = sourcecode.javascript; path = jquery.min.js; sourceTree = "<group>"; };
		6E18167E1F2796EB0034E26E /* lunr.min.js */ = {isa = PBXFileReference; lastKnownFileType = sourcecode.javascript; path = lunr.min.js; sourceTree = "<group>"; };
		6E18167F1F2796EB0034E26E /* typeahead.jquery.js */ = {isa = PBXFileReference; lastKnownFileType = sourcecode.javascript; path = typeahead.jquery.js; sourceTree = "<group>"; };
		6E1816811F2796EB0034E26E /* MTKTestable.html */ = {isa = PBXFileReference; lastKnownFileType = text.html; path = MTKTestable.html; sourceTree = "<group>"; };
		6E1816821F2796EB0034E26E /* Protocols.html */ = {isa = PBXFileReference; lastKnownFileType = text.html; path = Protocols.html; sourceTree = "<group>"; };
		6E1816831F2796EB0034E26E /* search.json */ = {isa = PBXFileReference; lastKnownFileType = text.json; path = search.json; sourceTree = "<group>"; };
		6E1816851F2796EB0034E26E /* ExpectedAlertAction.html */ = {isa = PBXFileReference; lastKnownFileType = text.html; path = ExpectedAlertAction.html; sourceTree = "<group>"; };
		6E1816861F2796EB0034E26E /* Structs.html */ = {isa = PBXFileReference; lastKnownFileType = text.html; path = Structs.html; sourceTree = "<group>"; };
		6E1816871F2796EB0034E26E /* undocumented.json */ = {isa = PBXFileReference; lastKnownFileType = text.json; path = undocumented.json; sourceTree = "<group>"; };
		6E8D4B1A1EB8154A001284FD /* .ruby-version */ = {isa = PBXFileReference; lastKnownFileType = text; path = ".ruby-version"; sourceTree = "<group>"; };
		6EC1A6AF1EBCDDAF000DEFA6 /* XCTestCase+AsyncTesting.swift */ = {isa = PBXFileReference; fileEncoding = 4; lastKnownFileType = sourcecode.swift; path = "XCTestCase+AsyncTesting.swift"; sourceTree = "<group>"; };
		6EC276D71F218796002A4939 /* .jazzy.yaml */ = {isa = PBXFileReference; lastKnownFileType = text; path = .jazzy.yaml; sourceTree = "<group>"; };
		6EC55626204DBCA2005AFE46 /* MetovaTestKit.podspec */ = {isa = PBXFileReference; explicitFileType = text.script.ruby; indentWidth = 2; path = MetovaTestKit.podspec; sourceTree = "<group>"; tabWidth = 2; };
		6EC55627204DC600005AFE46 /* Gemfile.lock */ = {isa = PBXFileReference; lastKnownFileType = text; path = Gemfile.lock; sourceTree = "<group>"; };
		6EC55628204DC665005AFE46 /* Podfile */ = {isa = PBXFileReference; explicitFileType = text.script.ruby; indentWidth = 2; path = Podfile; sourceTree = "<group>"; tabWidth = 2; xcLanguageSpecificationIdentifier = xcode.lang.ruby; };
		6EC55629204DC771005AFE46 /* Podfile.lock */ = {isa = PBXFileReference; lastKnownFileType = text; path = Podfile.lock; sourceTree = "<group>"; };
		79631A34E94E032EB303D968 /* Pods_MetovaTestKit.framework */ = {isa = PBXFileReference; explicitFileType = wrapper.framework; includeInIndex = 0; path = Pods_MetovaTestKit.framework; sourceTree = BUILT_PRODUCTS_DIR; };
		D0519F01D9726D38CD714598 /* Pods-MetovaTestKit.release.xcconfig */ = {isa = PBXFileReference; includeInIndex = 1; lastKnownFileType = text.xcconfig; name = "Pods-MetovaTestKit.release.xcconfig"; path = "Pods/Target Support Files/Pods-MetovaTestKit/Pods-MetovaTestKit.release.xcconfig"; sourceTree = "<group>"; };
/* End PBXFileReference section */

/* Begin PBXFrameworksBuildPhase section */
		4A3CFEF31CDD5F37003EF6F0 /* Frameworks */ = {
			isa = PBXFrameworksBuildPhase;
			buildActionMask = 2147483647;
			files = (
				4A3CFFCB1CDE1473003EF6F0 /* XCTest.framework in Frameworks */,
				8C5DBD5EA5193DF58D0EF97C /* Pods_MetovaTestKit.framework in Frameworks */,
			);
			runOnlyForDeploymentPostprocessing = 0;
		};
		4A3CFEFE1CDD5F37003EF6F0 /* Frameworks */ = {
			isa = PBXFrameworksBuildPhase;
			buildActionMask = 2147483647;
			files = (
				4A3CFF021CDD5F37003EF6F0 /* MetovaTestKit.framework in Frameworks */,
			);
			runOnlyForDeploymentPostprocessing = 0;
		};
/* End PBXFrameworksBuildPhase section */

/* Begin PBXGroup section */
		4A3CFEED1CDD5F37003EF6F0 = {
			isa = PBXGroup;
			children = (
				4A3CFF111CDD600C003EF6F0 /* Related Files */,
				4A3CFEF91CDD5F37003EF6F0 /* MetovaTestKit */,
				4A3CFF051CDD5F37003EF6F0 /* MetovaTestKitTests */,
				4A3CFEF81CDD5F37003EF6F0 /* Products */,
				4A3CFFCC1CDE1480003EF6F0 /* Dependencies */,
				634135A92DFE71D915C1E3B7 /* Pods */,
				EC1DA839BB8A56D69E13D46B /* Frameworks */,
			);
			sourceTree = "<group>";
		};
		4A3CFEF81CDD5F37003EF6F0 /* Products */ = {
			isa = PBXGroup;
			children = (
				4A3CFEF71CDD5F37003EF6F0 /* MetovaTestKit.framework */,
				4A3CFF011CDD5F37003EF6F0 /* MetovaTestKitTests.xctest */,
			);
			name = Products;
			sourceTree = "<group>";
		};
		4A3CFEF91CDD5F37003EF6F0 /* MetovaTestKit */ = {
			isa = PBXGroup;
			children = (
				6EC1A6AE1EBCDD3F000DEFA6 /* AsynchronousTesting */,
				4A771F2D1D4C13FC00EFD0B8 /* ConstraintTesting */,
				4A3CFF241CDD60CE003EF6F0 /* ExceptionTesting */,
				6E8D4B041EB7AD1B001284FD /* Internal Utilities */,
				4A8AD4E71CDEA27E0085984D /* Testable */,
				6E8D4AFF1EB7AB70001284FD /* UIKitTesting */,
				4A3CFEFA1CDD5F37003EF6F0 /* MetovaTestKit.h */,
				4A3CFEFC1CDD5F37003EF6F0 /* Info.plist */,
			);
			path = MetovaTestKit;
			sourceTree = "<group>";
		};
		4A3CFF051CDD5F37003EF6F0 /* MetovaTestKitTests */ = {
			isa = PBXGroup;
			children = (
				6EC1A6B11EBCE2C7000DEFA6 /* Asynchronous Testing Tests */,
				4AD3B57A214AAACD0089FA1E /* Constraint Testing Tests */,
				4ADA98FF214AAA7900B91CF2 /* Exception Testing Tests */,
				6E8D4B1C1EB8D644001284FD /* Internal Utilities Tests */,
				4AD3B579214AAAC20089FA1E /* Testable Protocol Tests */,
				6E8D4B171EB81064001284FD /* UIKit Testing Tests */,
				6E8D4B1B1EB8D5D0001284FD /* Test Data */,
				4A8AD4EE1CDEB6300085984D /* Supporting Test Files */,
			);
			path = MetovaTestKitTests;
			sourceTree = "<group>";
		};
		4A3CFF111CDD600C003EF6F0 /* Related Files */ = {
			isa = PBXGroup;
			children = (
				6E1816661F2796EB0034E26E /* docs */,
				4A3CFF121CDD6043003EF6F0 /* .gitignore */,
				6EC276D71F218796002A4939 /* .jazzy.yaml */,
				4A3CFF131CDD6043003EF6F0 /* .slather.yml */,
				4A3CFF141CDD6043003EF6F0 /* .swiftlint.yml */,
				4A8AD4F71CDEE4220085984D /* .travis.yml */,
				6E8D4B1A1EB8154A001284FD /* .ruby-version */,
				6EC55628204DC665005AFE46 /* Podfile */,
				6EC55629204DC771005AFE46 /* Podfile.lock */,
				4AB9A3E01CDF6AB00021B6B8 /* Gemfile */,
				6EC55627204DC600005AFE46 /* Gemfile.lock */,
				4A3CFF151CDD6043003EF6F0 /* CHANGELOG.md */,
				4A3CFF161CDD6043003EF6F0 /* LICENSE */,
				4A8AD4F51CDEDF110085984D /* CONTRIBUTING.md */,
				4A3CFF181CDD6043003EF6F0 /* README.md */,
				6EC55626204DBCA2005AFE46 /* MetovaTestKit.podspec */,
			);
			name = "Related Files";
			sourceTree = "<group>";
		};
		4A3CFF241CDD60CE003EF6F0 /* ExceptionTesting */ = {
			isa = PBXGroup;
			children = (
				4ADA98E6214AA68D00B91CF2 /* MTKExceptionTester.h */,
				4ADA98E5214AA68D00B91CF2 /* MTKExceptionTester.m */,
				4ADA98E4214AA68D00B91CF2 /* MTKExceptionTesting.swift */,
			);
			path = ExceptionTesting;
			sourceTree = "<group>";
		};
		4A3CFFCC1CDE1480003EF6F0 /* Dependencies */ = {
			isa = PBXGroup;
			children = (
				4A3CFFCA1CDE1473003EF6F0 /* XCTest.framework */,
			);
			name = Dependencies;
			sourceTree = "<group>";
		};
		4A771F2D1D4C13FC00EFD0B8 /* ConstraintTesting */ = {
			isa = PBXGroup;
			children = (
				4ADA98E0214AA67B00B91CF2 /* MTKBrokenConstraintCounter.h */,
				4ADA98DF214AA67B00B91CF2 /* MTKBrokenConstraintCounter.m */,
				4ADA98DE214AA67B00B91CF2 /* MTKConstraintTester.swift */,
			);
			path = ConstraintTesting;
			sourceTree = "<group>";
		};
		4A8AD4E71CDEA27E0085984D /* Testable */ = {
			isa = PBXGroup;
			children = (
				4ADA98EB214AA69B00B91CF2 /* MTKTestable.swift */,
				4ADA98EA214AA69B00B91CF2 /* MTKTestable+UIViewController.swift */,
			);
			path = Testable;
			sourceTree = "<group>";
		};
		4A8AD4EE1CDEB6300085984D /* Supporting Test Files */ = {
			isa = PBXGroup;
			children = (
				4A771FC81D4D534200EFD0B8 /* MTKBaseTestCase.swift */,
				4A3CFF081CDD5F37003EF6F0 /* Info.plist */,
			);
			name = "Supporting Test Files";
			sourceTree = "<group>";
		};
		4AD3B579214AAAC20089FA1E /* Testable Protocol Tests */ = {
			isa = PBXGroup;
			children = (
				4A8AD4F31CDEB7A60085984D /* TestableProtocolTests.swift */,
			);
			path = "Testable Protocol Tests";
			sourceTree = "<group>";
		};
		4AD3B57A214AAACD0089FA1E /* Constraint Testing Tests */ = {
			isa = PBXGroup;
			children = (
				4A771F341D4C173300EFD0B8 /* ConstraintTestingTests.swift */,
			);
			path = "Constraint Testing Tests";
			sourceTree = "<group>";
		};
		4ADA98FF214AAA7900B91CF2 /* Exception Testing Tests */ = {
			isa = PBXGroup;
			children = (
				4A3CFFCD1CDE1548003EF6F0 /* ExceptionTestingTests.swift */,
			);
			path = "Exception Testing Tests";
			sourceTree = "<group>";
		};
		634135A92DFE71D915C1E3B7 /* Pods */ = {
			isa = PBXGroup;
			children = (
				152CC7EA0C83675F6522A85B /* Pods-MetovaTestKit.debug.xcconfig */,
				D0519F01D9726D38CD714598 /* Pods-MetovaTestKit.release.xcconfig */,
			);
			name = Pods;
			sourceTree = "<group>";
		};
		6E1816661F2796EB0034E26E /* docs */ = {
			isa = PBXGroup;
			children = (
				6E1816671F2796EB0034E26E /* badge.svg */,
				6E1816681F2796EB0034E26E /* css */,
				6E18166B1F2796EB0034E26E /* docsets */,
				6E18166E1F2796EB0034E26E /* Extensions */,
				6E1816721F2796EB0034E26E /* Extensions.html */,
				6E1816731F2796EB0034E26E /* Functions.html */,
				6E1816741F2796EB0034E26E /* img */,
				6E1816791F2796EB0034E26E /* index.html */,
				6E18167A1F2796EB0034E26E /* js */,
				6E1816801F2796EB0034E26E /* Protocols */,
				6E1816821F2796EB0034E26E /* Protocols.html */,
				6E1816831F2796EB0034E26E /* search.json */,
				6E1816841F2796EB0034E26E /* Structs */,
				6E1816861F2796EB0034E26E /* Structs.html */,
				6E1816871F2796EB0034E26E /* undocumented.json */,
			);
			path = docs;
			sourceTree = "<group>";
		};
		6E1816681F2796EB0034E26E /* css */ = {
			isa = PBXGroup;
			children = (
				6E1816691F2796EB0034E26E /* highlight.css */,
				6E18166A1F2796EB0034E26E /* jazzy.css */,
			);
			path = css;
			sourceTree = "<group>";
		};
		6E18166B1F2796EB0034E26E /* docsets */ = {
			isa = PBXGroup;
			children = (
				6E18166C1F2796EB0034E26E /* MetovaTestKit.docset */,
				6E18166D1F2796EB0034E26E /* MetovaTestKit.tgz */,
			);
			path = docsets;
			sourceTree = "<group>";
		};
		6E18166E1F2796EB0034E26E /* Extensions */ = {
			isa = PBXGroup;
			children = (
				6E18166F1F2796EB0034E26E /* UIAlertActionStyle.html */,
				6E1816701F2796EB0034E26E /* UIAlertControllerStyle.html */,
				6E1816711F2796EB0034E26E /* XCTestCase.html */,
			);
			path = Extensions;
			sourceTree = "<group>";
		};
		6E1816741F2796EB0034E26E /* img */ = {
			isa = PBXGroup;
			children = (
				6E1816751F2796EB0034E26E /* carat.png */,
				6E1816761F2796EB0034E26E /* dash.png */,
				6E1816771F2796EB0034E26E /* gh.png */,
				6E1816781F2796EB0034E26E /* spinner.gif */,
			);
			path = img;
			sourceTree = "<group>";
		};
		6E18167A1F2796EB0034E26E /* js */ = {
			isa = PBXGroup;
			children = (
				6E18167B1F2796EB0034E26E /* jazzy.js */,
				6E18167C1F2796EB0034E26E /* jazzy.search.js */,
				6E18167D1F2796EB0034E26E /* jquery.min.js */,
				6E18167E1F2796EB0034E26E /* lunr.min.js */,
				6E18167F1F2796EB0034E26E /* typeahead.jquery.js */,
			);
			path = js;
			sourceTree = "<group>";
		};
		6E1816801F2796EB0034E26E /* Protocols */ = {
			isa = PBXGroup;
			children = (
				6E1816811F2796EB0034E26E /* MTKTestable.html */,
			);
			path = Protocols;
			sourceTree = "<group>";
		};
		6E1816841F2796EB0034E26E /* Structs */ = {
			isa = PBXGroup;
			children = (
				6E1816851F2796EB0034E26E /* ExpectedAlertAction.html */,
			);
			path = Structs;
			sourceTree = "<group>";
		};
		6E8D4AFF1EB7AB70001284FD /* UIKitTesting */ = {
			isa = PBXGroup;
			children = (
				4ADA98D3214AA65200B91CF2 /* UIAlertControllerAssertions.swift */,
				4ADA98D0214AA65200B91CF2 /* UIBarButtonItemAssertions.swift */,
				4ADA98D2214AA65200B91CF2 /* UIControlAssertions.swift */,
				4ADA98D1214AA65200B91CF2 /* UISegmentedControlAssertions.swift */,
			);
			path = UIKitTesting;
			sourceTree = "<group>";
		};
		6E8D4B041EB7AD1B001284FD /* Internal Utilities */ = {
			isa = PBXGroup;
			children = (
				4ADA98D8214AA66A00B91CF2 /* Array+Utilities.swift */,
				4ADA98D9214AA66A00B91CF2 /* FailureRecording.swift */,
				4ADA98DA214AA66A00B91CF2 /* QuotedString.swift */,
			);
			path = "Internal Utilities";
			sourceTree = "<group>";
		};
		6E8D4B171EB81064001284FD /* UIKit Testing Tests */ = {
			isa = PBXGroup;
			children = (
				4ADA98F9214AAA2D00B91CF2 /* UIAlertControllerTestingTests.swift */,
				4ADA98F7214AAA2D00B91CF2 /* UIControlTestingTests.swift */,
				4ADA98F8214AAA2D00B91CF2 /* UISegmentedControlTestingTests.swift */,
				6E0D0B451F1FEE3900600571 /* UIBarButtonItemTestingTests.swift */,
			);
			path = "UIKit Testing Tests";
			sourceTree = "<group>";
		};
		6E8D4B1B1EB8D5D0001284FD /* Test Data */ = {
			isa = PBXGroup;
			children = (
				4ADA98EF214AAA0700B91CF2 /* TestableViewController.swift */,
				4ADA98F0214AAA0700B91CF2 /* TestableViewController.xib */,
			);
			path = "Test Data";
			sourceTree = "<group>";
		};
		6E8D4B1C1EB8D644001284FD /* Internal Utilities Tests */ = {
			isa = PBXGroup;
			children = (
				4ADA98F3214AAA1400B91CF2 /* FailureRecordingTests.swift */,
				4ADA98F4214AAA1400B91CF2 /* QuotedStringTests.swift */,
			);
			path = "Internal Utilities Tests";
			sourceTree = "<group>";
		};
		6EC1A6AE1EBCDD3F000DEFA6 /* AsynchronousTesting */ = {
			isa = PBXGroup;
			children = (
				6EC1A6AF1EBCDDAF000DEFA6 /* XCTestCase+AsyncTesting.swift */,
			);
			path = AsynchronousTesting;
			sourceTree = "<group>";
		};
		6EC1A6B11EBCE2C7000DEFA6 /* Asynchronous Testing Tests */ = {
			isa = PBXGroup;
			children = (
				4ADA98FD214AAA5400B91CF2 /* AsyncTestingTests.swift */,
			);
			path = "Asynchronous Testing Tests";
			sourceTree = "<group>";
		};
		EC1DA839BB8A56D69E13D46B /* Frameworks */ = {
			isa = PBXGroup;
			children = (
				79631A34E94E032EB303D968 /* Pods_MetovaTestKit.framework */,
			);
			name = Frameworks;
			sourceTree = "<group>";
		};
/* End PBXGroup section */

/* Begin PBXHeadersBuildPhase section */
		4A3CFEF41CDD5F37003EF6F0 /* Headers */ = {
			isa = PBXHeadersBuildPhase;
			buildActionMask = 2147483647;
			files = (
				4A3CFEFB1CDD5F37003EF6F0 /* MetovaTestKit.h in Headers */,
				4A91E13F2155784E0003B78B /* MTKExceptionTester.h in Headers */,
				4A91E13E2155784E0003B78B /* MTKBrokenConstraintCounter.h in Headers */,
			);
			runOnlyForDeploymentPostprocessing = 0;
		};
/* End PBXHeadersBuildPhase section */

/* Begin PBXNativeTarget section */
		4A3CFEF61CDD5F37003EF6F0 /* MetovaTestKit */ = {
			isa = PBXNativeTarget;
			buildConfigurationList = 4A3CFF0B1CDD5F37003EF6F0 /* Build configuration list for PBXNativeTarget "MetovaTestKit" */;
			buildPhases = (
				E036C02CCEF15672877958DC /* [CP] Check Pods Manifest.lock */,
				4A8AD4E51CDEA0F90085984D /* TODO Warnings */,
				4A3CFF291CDD6630003EF6F0 /* SwiftLint */,
				4A3CFEF21CDD5F37003EF6F0 /* Sources */,
				4A3CFEF31CDD5F37003EF6F0 /* Frameworks */,
				4A3CFEF41CDD5F37003EF6F0 /* Headers */,
				4A3CFEF51CDD5F37003EF6F0 /* Resources */,
			);
			buildRules = (
			);
			dependencies = (
			);
			name = MetovaTestKit;
			productName = MetovaTestKit;
			productReference = 4A3CFEF71CDD5F37003EF6F0 /* MetovaTestKit.framework */;
			productType = "com.apple.product-type.framework";
		};
		4A3CFF001CDD5F37003EF6F0 /* MetovaTestKitTests */ = {
			isa = PBXNativeTarget;
			buildConfigurationList = 4A3CFF0E1CDD5F37003EF6F0 /* Build configuration list for PBXNativeTarget "MetovaTestKitTests" */;
			buildPhases = (
				4A3CFEFD1CDD5F37003EF6F0 /* Sources */,
				4A3CFEFE1CDD5F37003EF6F0 /* Frameworks */,
				4A3CFEFF1CDD5F37003EF6F0 /* Resources */,
			);
			buildRules = (
			);
			dependencies = (
				4A3CFF041CDD5F37003EF6F0 /* PBXTargetDependency */,
			);
			name = MetovaTestKitTests;
			productName = MetovaTestKitTests;
			productReference = 4A3CFF011CDD5F37003EF6F0 /* MetovaTestKitTests.xctest */;
			productType = "com.apple.product-type.bundle.unit-test";
		};
/* End PBXNativeTarget section */

/* Begin PBXProject section */
		4A3CFEEE1CDD5F37003EF6F0 /* Project object */ = {
			isa = PBXProject;
			attributes = {
				CLASSPREFIX = "";
				LastSwiftUpdateCheck = 0830;
				LastUpgradeCheck = 1000;
				ORGANIZATIONNAME = Metova;
				TargetAttributes = {
					4A3CFEF61CDD5F37003EF6F0 = {
						CreatedOnToolsVersion = 7.3;
						LastSwiftMigration = 1000;
					};
					4A3CFF001CDD5F37003EF6F0 = {
						CreatedOnToolsVersion = 7.3;
						LastSwiftMigration = 1000;
					};
				};
			};
			buildConfigurationList = 4A3CFEF11CDD5F37003EF6F0 /* Build configuration list for PBXProject "MetovaTestKit" */;
			compatibilityVersion = "Xcode 3.2";
			developmentRegion = English;
			hasScannedForEncodings = 0;
			knownRegions = (
				en,
				Base,
			);
			mainGroup = 4A3CFEED1CDD5F37003EF6F0;
			productRefGroup = 4A3CFEF81CDD5F37003EF6F0 /* Products */;
			projectDirPath = "";
			projectRoot = "";
			targets = (
				4A3CFEF61CDD5F37003EF6F0 /* MetovaTestKit */,
				4A3CFF001CDD5F37003EF6F0 /* MetovaTestKitTests */,
			);
		};
/* End PBXProject section */

/* Begin PBXResourcesBuildPhase section */
		4A3CFEF51CDD5F37003EF6F0 /* Resources */ = {
			isa = PBXResourcesBuildPhase;
			buildActionMask = 2147483647;
			files = (
			);
			runOnlyForDeploymentPostprocessing = 0;
		};
		4A3CFEFF1CDD5F37003EF6F0 /* Resources */ = {
			isa = PBXResourcesBuildPhase;
			buildActionMask = 2147483647;
			files = (
				4ADA98F2214AAA0700B91CF2 /* TestableViewController.xib in Resources */,
			);
			runOnlyForDeploymentPostprocessing = 0;
		};
/* End PBXResourcesBuildPhase section */

/* Begin PBXShellScriptBuildPhase section */
		4A3CFF291CDD6630003EF6F0 /* SwiftLint */ = {
			isa = PBXShellScriptBuildPhase;
			buildActionMask = 2147483647;
			files = (
			);
			inputPaths = (
			);
			name = SwiftLint;
			outputPaths = (
			);
			runOnlyForDeploymentPostprocessing = 0;
			shellPath = /bin/sh;
			shellScript = "\"${PODS_ROOT}/SwiftLint/swiftlint\" autocorrect && \"${PODS_ROOT}/SwiftLint/swiftlint\"";
		};
		4A8AD4E51CDEA0F90085984D /* TODO Warnings */ = {
			isa = PBXShellScriptBuildPhase;
			buildActionMask = 2147483647;
			files = (
			);
			inputPaths = (
			);
			name = "TODO Warnings";
			outputPaths = (
			);
			runOnlyForDeploymentPostprocessing = 0;
			shellPath = /bin/sh;
			shellScript = "if [ \"${CONFIGURATION}\" = \"Debug\" ]; then\nKEYWORDS=\"TODO:\"\nfind \"${SRCROOT}/MetovaTestKit\" \"${SRCROOT}/MetovaTestKitTests\" \\( -name \"*.h\" -or -name \"*.m\" -or -name \"*.mm\" -or -name \"*.swift\" \\) -print0 | \\\nxargs -0 egrep --with-filename --line-number --only-matching \"($KEYWORDS).*\\$\" | \\\nperl -p -e \"s/($KEYWORDS)/ warning: \\$1/\"\nfi";
		};
		E036C02CCEF15672877958DC /* [CP] Check Pods Manifest.lock */ = {
			isa = PBXShellScriptBuildPhase;
			buildActionMask = 2147483647;
			files = (
			);
			inputPaths = (
				"${PODS_PODFILE_DIR_PATH}/Podfile.lock",
				"${PODS_ROOT}/Manifest.lock",
			);
			name = "[CP] Check Pods Manifest.lock";
			outputPaths = (
				"$(DERIVED_FILE_DIR)/Pods-MetovaTestKit-checkManifestLockResult.txt",
			);
			runOnlyForDeploymentPostprocessing = 0;
			shellPath = /bin/sh;
			shellScript = "diff \"${PODS_PODFILE_DIR_PATH}/Podfile.lock\" \"${PODS_ROOT}/Manifest.lock\" > /dev/null\nif [ $? != 0 ] ; then\n    # print error to STDERR\n    echo \"error: The sandbox is not in sync with the Podfile.lock. Run 'pod install' or update your CocoaPods installation.\" >&2\n    exit 1\nfi\n# This output is used by Xcode 'outputs' to avoid re-running this script phase.\necho \"SUCCESS\" > \"${SCRIPT_OUTPUT_FILE_0}\"\n";
			showEnvVarsInLog = 0;
		};
/* End PBXShellScriptBuildPhase section */

/* Begin PBXSourcesBuildPhase section */
		4A3CFEF21CDD5F37003EF6F0 /* Sources */ = {
			isa = PBXSourcesBuildPhase;
			buildActionMask = 2147483647;
			files = (
				4ADA98E8214AA68D00B91CF2 /* MTKExceptionTester.m in Sources */,
				4ADA98EC214AA69B00B91CF2 /* MTKTestable+UIViewController.swift in Sources */,
				4ADA98DB214AA66A00B91CF2 /* Array+Utilities.swift in Sources */,
				4ADA98DC214AA66A00B91CF2 /* FailureRecording.swift in Sources */,
				4ADA98D4214AA65200B91CF2 /* UIBarButtonItemAssertions.swift in Sources */,
				4ADA98D6214AA65200B91CF2 /* UIControlAssertions.swift in Sources */,
				4ADA98E2214AA67B00B91CF2 /* MTKBrokenConstraintCounter.m in Sources */,
				4ADA98DD214AA66A00B91CF2 /* QuotedString.swift in Sources */,
				6EC1A6B01EBCDDAF000DEFA6 /* XCTestCase+AsyncTesting.swift in Sources */,
				4ADA98D7214AA65200B91CF2 /* UIAlertControllerAssertions.swift in Sources */,
				4ADA98E1214AA67B00B91CF2 /* MTKConstraintTester.swift in Sources */,
				4ADA98ED214AA69B00B91CF2 /* MTKTestable.swift in Sources */,
				4ADA98E7214AA68D00B91CF2 /* MTKExceptionTesting.swift in Sources */,
				4ADA98D5214AA65200B91CF2 /* UISegmentedControlAssertions.swift in Sources */,
			);
			runOnlyForDeploymentPostprocessing = 0;
		};
		4A3CFEFD1CDD5F37003EF6F0 /* Sources */ = {
			isa = PBXSourcesBuildPhase;
			buildActionMask = 2147483647;
			files = (
				4A771F351D4C173300EFD0B8 /* ConstraintTestingTests.swift in Sources */,
				4A771FC91D4D534200EFD0B8 /* MTKBaseTestCase.swift in Sources */,
				4A8AD4F41CDEB7A60085984D /* TestableProtocolTests.swift in Sources */,
				6E0D0B461F1FEE3900600571 /* UIBarButtonItemTestingTests.swift in Sources */,
				4ADA98FC214AAA2D00B91CF2 /* UIAlertControllerTestingTests.swift in Sources */,
				4ADA98F1214AAA0700B91CF2 /* TestableViewController.swift in Sources */,
				4ADA98FE214AAA5400B91CF2 /* AsyncTestingTests.swift in Sources */,
				4ADA98F5214AAA1400B91CF2 /* FailureRecordingTests.swift in Sources */,
				4ADA98FB214AAA2D00B91CF2 /* UISegmentedControlTestingTests.swift in Sources */,
				4A3CFFCE1CDE1548003EF6F0 /* ExceptionTestingTests.swift in Sources */,
				4ADA98F6214AAA1400B91CF2 /* QuotedStringTests.swift in Sources */,
				4ADA98FA214AAA2D00B91CF2 /* UIControlTestingTests.swift in Sources */,
			);
			runOnlyForDeploymentPostprocessing = 0;
		};
/* End PBXSourcesBuildPhase section */

/* Begin PBXTargetDependency section */
		4A3CFF041CDD5F37003EF6F0 /* PBXTargetDependency */ = {
			isa = PBXTargetDependency;
			target = 4A3CFEF61CDD5F37003EF6F0 /* MetovaTestKit */;
			targetProxy = 4A3CFF031CDD5F37003EF6F0 /* PBXContainerItemProxy */;
		};
/* End PBXTargetDependency section */

/* Begin XCBuildConfiguration section */
		4A3CFF091CDD5F37003EF6F0 /* Debug */ = {
			isa = XCBuildConfiguration;
			buildSettings = {
				ALWAYS_SEARCH_USER_PATHS = NO;
				CLANG_ANALYZER_NONNULL = YES;
				CLANG_CXX_LANGUAGE_STANDARD = "gnu++0x";
				CLANG_CXX_LIBRARY = "libc++";
				CLANG_ENABLE_MODULES = YES;
				CLANG_ENABLE_OBJC_ARC = YES;
				CLANG_WARN_BLOCK_CAPTURE_AUTORELEASING = YES;
				CLANG_WARN_BOOL_CONVERSION = YES;
				CLANG_WARN_COMMA = YES;
				CLANG_WARN_CONSTANT_CONVERSION = YES;
				CLANG_WARN_DEPRECATED_OBJC_IMPLEMENTATIONS = YES;
				CLANG_WARN_DIRECT_OBJC_ISA_USAGE = YES_ERROR;
				CLANG_WARN_EMPTY_BODY = YES;
				CLANG_WARN_ENUM_CONVERSION = YES;
				CLANG_WARN_INFINITE_RECURSION = YES;
				CLANG_WARN_INT_CONVERSION = YES;
				CLANG_WARN_NON_LITERAL_NULL_CONVERSION = YES;
				CLANG_WARN_OBJC_IMPLICIT_RETAIN_SELF = YES;
				CLANG_WARN_OBJC_LITERAL_CONVERSION = YES;
				CLANG_WARN_OBJC_ROOT_CLASS = YES_ERROR;
				CLANG_WARN_RANGE_LOOP_ANALYSIS = YES;
				CLANG_WARN_STRICT_PROTOTYPES = YES;
				CLANG_WARN_SUSPICIOUS_MOVE = YES;
				CLANG_WARN_UNREACHABLE_CODE = YES;
				CLANG_WARN__DUPLICATE_METHOD_MATCH = YES;
				"CODE_SIGN_IDENTITY[sdk=iphoneos*]" = "iPhone Developer";
				COPY_PHASE_STRIP = NO;
				CURRENT_PROJECT_VERSION = 1;
				DEBUG_INFORMATION_FORMAT = dwarf;
				ENABLE_STRICT_OBJC_MSGSEND = YES;
				ENABLE_TESTABILITY = YES;
				GCC_C_LANGUAGE_STANDARD = gnu99;
				GCC_DYNAMIC_NO_PIC = NO;
				GCC_NO_COMMON_BLOCKS = YES;
				GCC_OPTIMIZATION_LEVEL = 0;
				GCC_PREPROCESSOR_DEFINITIONS = (
					"DEBUG=1",
					"$(inherited)",
				);
				GCC_WARN_64_TO_32_BIT_CONVERSION = YES;
				GCC_WARN_ABOUT_RETURN_TYPE = YES_ERROR;
				GCC_WARN_UNDECLARED_SELECTOR = YES;
				GCC_WARN_UNINITIALIZED_AUTOS = YES_AGGRESSIVE;
				GCC_WARN_UNUSED_FUNCTION = YES;
				GCC_WARN_UNUSED_VARIABLE = YES;
				IPHONEOS_DEPLOYMENT_TARGET = 8.0;
				MTL_ENABLE_DEBUG_INFO = YES;
				ONLY_ACTIVE_ARCH = YES;
				SDKROOT = iphoneos;
				SWIFT_OPTIMIZATION_LEVEL = "-Onone";
				SWIFT_VERSION = 3.0;
				TARGETED_DEVICE_FAMILY = "1,2";
				VERSIONING_SYSTEM = "apple-generic";
				VERSION_INFO_PREFIX = "";
			};
			name = Debug;
		};
		4A3CFF0A1CDD5F37003EF6F0 /* Release */ = {
			isa = XCBuildConfiguration;
			buildSettings = {
				ALWAYS_SEARCH_USER_PATHS = NO;
				CLANG_ANALYZER_NONNULL = YES;
				CLANG_CXX_LANGUAGE_STANDARD = "gnu++0x";
				CLANG_CXX_LIBRARY = "libc++";
				CLANG_ENABLE_MODULES = YES;
				CLANG_ENABLE_OBJC_ARC = YES;
				CLANG_WARN_BLOCK_CAPTURE_AUTORELEASING = YES;
				CLANG_WARN_BOOL_CONVERSION = YES;
				CLANG_WARN_COMMA = YES;
				CLANG_WARN_CONSTANT_CONVERSION = YES;
				CLANG_WARN_DEPRECATED_OBJC_IMPLEMENTATIONS = YES;
				CLANG_WARN_DIRECT_OBJC_ISA_USAGE = YES_ERROR;
				CLANG_WARN_EMPTY_BODY = YES;
				CLANG_WARN_ENUM_CONVERSION = YES;
				CLANG_WARN_INFINITE_RECURSION = YES;
				CLANG_WARN_INT_CONVERSION = YES;
				CLANG_WARN_NON_LITERAL_NULL_CONVERSION = YES;
				CLANG_WARN_OBJC_IMPLICIT_RETAIN_SELF = YES;
				CLANG_WARN_OBJC_LITERAL_CONVERSION = YES;
				CLANG_WARN_OBJC_ROOT_CLASS = YES_ERROR;
				CLANG_WARN_RANGE_LOOP_ANALYSIS = YES;
				CLANG_WARN_STRICT_PROTOTYPES = YES;
				CLANG_WARN_SUSPICIOUS_MOVE = YES;
				CLANG_WARN_UNREACHABLE_CODE = YES;
				CLANG_WARN__DUPLICATE_METHOD_MATCH = YES;
				"CODE_SIGN_IDENTITY[sdk=iphoneos*]" = "iPhone Developer";
				COPY_PHASE_STRIP = NO;
				CURRENT_PROJECT_VERSION = 1;
				DEBUG_INFORMATION_FORMAT = "dwarf-with-dsym";
				ENABLE_NS_ASSERTIONS = NO;
				ENABLE_STRICT_OBJC_MSGSEND = YES;
				GCC_C_LANGUAGE_STANDARD = gnu99;
				GCC_NO_COMMON_BLOCKS = YES;
				GCC_WARN_64_TO_32_BIT_CONVERSION = YES;
				GCC_WARN_ABOUT_RETURN_TYPE = YES_ERROR;
				GCC_WARN_UNDECLARED_SELECTOR = YES;
				GCC_WARN_UNINITIALIZED_AUTOS = YES_AGGRESSIVE;
				GCC_WARN_UNUSED_FUNCTION = YES;
				GCC_WARN_UNUSED_VARIABLE = YES;
				IPHONEOS_DEPLOYMENT_TARGET = 8.0;
				MTL_ENABLE_DEBUG_INFO = NO;
				SDKROOT = iphoneos;
				SWIFT_OPTIMIZATION_LEVEL = "-Owholemodule";
				SWIFT_VERSION = 3.0;
				TARGETED_DEVICE_FAMILY = "1,2";
				VALIDATE_PRODUCT = YES;
				VERSIONING_SYSTEM = "apple-generic";
				VERSION_INFO_PREFIX = "";
			};
			name = Release;
		};
		4A3CFF0C1CDD5F37003EF6F0 /* Debug */ = {
			isa = XCBuildConfiguration;
			baseConfigurationReference = 152CC7EA0C83675F6522A85B /* Pods-MetovaTestKit.debug.xcconfig */;
			buildSettings = {
				CLANG_ENABLE_MODULES = YES;
				"CODE_SIGN_IDENTITY[sdk=iphoneos*]" = "";
				DEFINES_MODULE = YES;
				DYLIB_COMPATIBILITY_VERSION = 1;
				DYLIB_CURRENT_VERSION = 1;
				DYLIB_INSTALL_NAME_BASE = "@rpath";
				FRAMEWORK_SEARCH_PATHS = (
					"$(PROJECT_DIR)",
					"$(inherited)",
					"$(DEVELOPER_FRAMEWORKS_DIR)",
					"$(PLATFORM_DIR)/Developer/Library/Frameworks",
				);
				INFOPLIST_FILE = MetovaTestKit/Info.plist;
				INSTALL_PATH = "$(LOCAL_LIBRARY_DIR)/Frameworks";
				IPHONEOS_DEPLOYMENT_TARGET = 8.0;
				LD_RUNPATH_SEARCH_PATHS = "$(inherited) @executable_path/Frameworks @loader_path/Frameworks";
				PRODUCT_BUNDLE_IDENTIFIER = metova.MetovaTestKit;
				PRODUCT_NAME = "$(TARGET_NAME)";
				SKIP_INSTALL = YES;
				SWIFT_OBJC_BRIDGING_HEADER = "";
				SWIFT_OPTIMIZATION_LEVEL = "-Onone";
				SWIFT_VERSION = 4.2;
			};
			name = Debug;
		};
		4A3CFF0D1CDD5F37003EF6F0 /* Release */ = {
			isa = XCBuildConfiguration;
			baseConfigurationReference = D0519F01D9726D38CD714598 /* Pods-MetovaTestKit.release.xcconfig */;
			buildSettings = {
				CLANG_ENABLE_MODULES = YES;
				"CODE_SIGN_IDENTITY[sdk=iphoneos*]" = "";
				DEFINES_MODULE = YES;
				DYLIB_COMPATIBILITY_VERSION = 1;
				DYLIB_CURRENT_VERSION = 1;
				DYLIB_INSTALL_NAME_BASE = "@rpath";
				FRAMEWORK_SEARCH_PATHS = (
					"$(PROJECT_DIR)",
					"$(inherited)",
					"$(DEVELOPER_FRAMEWORKS_DIR)",
					"$(PLATFORM_DIR)/Developer/Library/Frameworks",
				);
				INFOPLIST_FILE = MetovaTestKit/Info.plist;
				INSTALL_PATH = "$(LOCAL_LIBRARY_DIR)/Frameworks";
				IPHONEOS_DEPLOYMENT_TARGET = 8.0;
				LD_RUNPATH_SEARCH_PATHS = "$(inherited) @executable_path/Frameworks @loader_path/Frameworks";
				PRODUCT_BUNDLE_IDENTIFIER = metova.MetovaTestKit;
				PRODUCT_NAME = "$(TARGET_NAME)";
				SKIP_INSTALL = YES;
				SWIFT_OBJC_BRIDGING_HEADER = "";
				SWIFT_VERSION = 4.2;
			};
			name = Release;
		};
		4A3CFF0F1CDD5F37003EF6F0 /* Debug */ = {
			isa = XCBuildConfiguration;
			buildSettings = {
				ENABLE_BITCODE = YES;
				INFOPLIST_FILE = MetovaTestKitTests/Info.plist;
				LD_RUNPATH_SEARCH_PATHS = "$(inherited) @executable_path/Frameworks @loader_path/Frameworks";
				PRODUCT_BUNDLE_IDENTIFIER = metova.MetovaTestKitTests;
				PRODUCT_NAME = "$(TARGET_NAME)";
				SWIFT_VERSION = 4.2;
			};
			name = Debug;
		};
		4A3CFF101CDD5F37003EF6F0 /* Release */ = {
			isa = XCBuildConfiguration;
			buildSettings = {
				ENABLE_BITCODE = YES;
				INFOPLIST_FILE = MetovaTestKitTests/Info.plist;
				LD_RUNPATH_SEARCH_PATHS = "$(inherited) @executable_path/Frameworks @loader_path/Frameworks";
				PRODUCT_BUNDLE_IDENTIFIER = metova.MetovaTestKitTests;
				PRODUCT_NAME = "$(TARGET_NAME)";
				SWIFT_VERSION = 4.2;
			};
			name = Release;
		};
/* End XCBuildConfiguration section */

/* Begin XCConfigurationList section */
		4A3CFEF11CDD5F37003EF6F0 /* Build configuration list for PBXProject "MetovaTestKit" */ = {
			isa = XCConfigurationList;
			buildConfigurations = (
				4A3CFF091CDD5F37003EF6F0 /* Debug */,
				4A3CFF0A1CDD5F37003EF6F0 /* Release */,
			);
			defaultConfigurationIsVisible = 0;
			defaultConfigurationName = Release;
		};
		4A3CFF0B1CDD5F37003EF6F0 /* Build configuration list for PBXNativeTarget "MetovaTestKit" */ = {
			isa = XCConfigurationList;
			buildConfigurations = (
				4A3CFF0C1CDD5F37003EF6F0 /* Debug */,
				4A3CFF0D1CDD5F37003EF6F0 /* Release */,
			);
			defaultConfigurationIsVisible = 0;
			defaultConfigurationName = Release;
		};
		4A3CFF0E1CDD5F37003EF6F0 /* Build configuration list for PBXNativeTarget "MetovaTestKitTests" */ = {
			isa = XCConfigurationList;
			buildConfigurations = (
				4A3CFF0F1CDD5F37003EF6F0 /* Debug */,
				4A3CFF101CDD5F37003EF6F0 /* Release */,
			);
			defaultConfigurationIsVisible = 0;
			defaultConfigurationName = Release;
		};
/* End XCConfigurationList section */
	};
	rootObject = 4A3CFEEE1CDD5F37003EF6F0 /* Project object */;
}
