// !$*UTF8*$!
{
	archiveVersion = 1;
	classes = {
	};
	objectVersion = 46;
	objects = {

/* Begin PBXBuildFile section */
		4A3CFEFB1CDD5F37003EF6F0 /* MetovaTestKit.h in Headers */ = {isa = PBXBuildFile; fileRef = 4A3CFEFA1CDD5F37003EF6F0 /* MetovaTestKit.h */; settings = {ATTRIBUTES = (Public, ); }; };
		4A3CFF021CDD5F37003EF6F0 /* MetovaTestKit.framework in Frameworks */ = {isa = PBXBuildFile; fileRef = 4A3CFEF71CDD5F37003EF6F0 /* MetovaTestKit.framework */; };
		4A3CFF231CDD60CA003EF6F0 /* MTKExceptionTester.m in Sources */ = {isa = PBXBuildFile; fileRef = 4A3CFF211CDD60CA003EF6F0 /* MTKExceptionTester.m */; };
		4A3CFFBD1CDD7B60003EF6F0 /* MTKExceptionTester.h in Headers */ = {isa = PBXBuildFile; fileRef = 4A3CFF201CDD60CA003EF6F0 /* MTKExceptionTester.h */; settings = {ATTRIBUTES = (Public, ); }; };
		4A3CFFCB1CDE1473003EF6F0 /* XCTest.framework in Frameworks */ = {isa = PBXBuildFile; fileRef = 4A3CFFCA1CDE1473003EF6F0 /* XCTest.framework */; };
		4A3CFFCE1CDE1548003EF6F0 /* ExceptionTestingTests.swift in Sources */ = {isa = PBXBuildFile; fileRef = 4A3CFFCD1CDE1548003EF6F0 /* ExceptionTestingTests.swift */; };
		4A771F301D4C144400EFD0B8 /* MTKBrokenConstraintCounter.h in Headers */ = {isa = PBXBuildFile; fileRef = 4A771F2E1D4C144400EFD0B8 /* MTKBrokenConstraintCounter.h */; settings = {ATTRIBUTES = (Public, ); }; };
		4A771F311D4C144400EFD0B8 /* MTKBrokenConstraintCounter.m in Sources */ = {isa = PBXBuildFile; fileRef = 4A771F2F1D4C144400EFD0B8 /* MTKBrokenConstraintCounter.m */; };
		4A771F331D4C155700EFD0B8 /* MTKConstraintTester.swift in Sources */ = {isa = PBXBuildFile; fileRef = 4A771F321D4C155700EFD0B8 /* MTKConstraintTester.swift */; };
		4A771F351D4C173300EFD0B8 /* ConstraintTestingTests.swift in Sources */ = {isa = PBXBuildFile; fileRef = 4A771F341D4C173300EFD0B8 /* ConstraintTestingTests.swift */; };
		4A771FC91D4D534200EFD0B8 /* MTKBaseTestCase.swift in Sources */ = {isa = PBXBuildFile; fileRef = 4A771FC81D4D534200EFD0B8 /* MTKBaseTestCase.swift */; };
		4A8AD4E91CDEA2A30085984D /* MTKTestable.swift in Sources */ = {isa = PBXBuildFile; fileRef = 4A8AD4E81CDEA2A30085984D /* MTKTestable.swift */; };
		4A8AD4EB1CDEA2B60085984D /* MTKExceptionTesting.swift in Sources */ = {isa = PBXBuildFile; fileRef = 4A8AD4EA1CDEA2B60085984D /* MTKExceptionTesting.swift */; };
		4A8AD4ED1CDEA53A0085984D /* MTKTestable+UIViewController.swift in Sources */ = {isa = PBXBuildFile; fileRef = 4A8AD4EC1CDEA53A0085984D /* MTKTestable+UIViewController.swift */; };
		4A8AD4F11CDEB6C30085984D /* TestableViewController.swift in Sources */ = {isa = PBXBuildFile; fileRef = 4A8AD4EF1CDEB6C30085984D /* TestableViewController.swift */; };
		4A8AD4F21CDEB6C30085984D /* TestableViewController.xib in Resources */ = {isa = PBXBuildFile; fileRef = 4A8AD4F01CDEB6C30085984D /* TestableViewController.xib */; };
		4A8AD4F41CDEB7A60085984D /* TestableProtocolTests.swift in Sources */ = {isa = PBXBuildFile; fileRef = 4A8AD4F31CDEB7A60085984D /* TestableProtocolTests.swift */; };
		6E23680A1F035295008E3231 /* UIViewController+TestUtilities.swift in Sources */ = {isa = PBXBuildFile; fileRef = 6E2368091F035295008E3231 /* UIViewController+TestUtilities.swift */; };
		6E2368161F043F37008E3231 /* AppDelegate.swift in Sources */ = {isa = PBXBuildFile; fileRef = 6E2368151F043F37008E3231 /* AppDelegate.swift */; };
		6E2368181F043F37008E3231 /* ViewController.swift in Sources */ = {isa = PBXBuildFile; fileRef = 6E2368171F043F37008E3231 /* ViewController.swift */; };
		6E23681B1F043F37008E3231 /* Main.storyboard in Resources */ = {isa = PBXBuildFile; fileRef = 6E2368191F043F37008E3231 /* Main.storyboard */; };
		6E23681D1F043F37008E3231 /* Assets.xcassets in Resources */ = {isa = PBXBuildFile; fileRef = 6E23681C1F043F37008E3231 /* Assets.xcassets */; };
		6E2368201F043F37008E3231 /* LaunchScreen.storyboard in Resources */ = {isa = PBXBuildFile; fileRef = 6E23681E1F043F37008E3231 /* LaunchScreen.storyboard */; };
		6E23682C1F043F5A008E3231 /* UIAlertControllerTestingTests.swift in Sources */ = {isa = PBXBuildFile; fileRef = 6E23682B1F043F5A008E3231 /* UIAlertControllerTestingTests.swift */; };
		6E2368331F0440EF008E3231 /* MTKBaseTestCase.swift in Sources */ = {isa = PBXBuildFile; fileRef = 4A771FC81D4D534200EFD0B8 /* MTKBaseTestCase.swift */; };
		6E2368341F045FFD008E3231 /* MetovaTestKit.framework in Frameworks */ = {isa = PBXBuildFile; fileRef = 4A3CFEF71CDD5F37003EF6F0 /* MetovaTestKit.framework */; };
		6E2368361F046B26008E3231 /* QuotedString.swift in Sources */ = {isa = PBXBuildFile; fileRef = 6E2368351F046B26008E3231 /* QuotedString.swift */; };
		6E8D4B081EB7C5DF001284FD /* FailureRecording.swift in Sources */ = {isa = PBXBuildFile; fileRef = 6E8D4B071EB7C5DF001284FD /* FailureRecording.swift */; };
		6E8D4B0C1EB7CF68001284FD /* UIControlTestingTests.swift in Sources */ = {isa = PBXBuildFile; fileRef = 6E8D4B0B1EB7CF67001284FD /* UIControlTestingTests.swift */; };
		6E8D4B191EB8138B001284FD /* UIControlAssertions.swift in Sources */ = {isa = PBXBuildFile; fileRef = 6E8D4B181EB8138B001284FD /* UIControlAssertions.swift */; };
		6E8D4B1E1EB8D660001284FD /* FailureRecordingTests.swift in Sources */ = {isa = PBXBuildFile; fileRef = 6E8D4B1D1EB8D660001284FD /* FailureRecordingTests.swift */; };
		6E8D4B221EB941B9001284FD /* UISegmentedControlAssertions.swift in Sources */ = {isa = PBXBuildFile; fileRef = 6E8D4B211EB941B9001284FD /* UISegmentedControlAssertions.swift */; };
		6E8D4B241EB941F8001284FD /* Array+Utilities.swift in Sources */ = {isa = PBXBuildFile; fileRef = 6E8D4B231EB941F8001284FD /* Array+Utilities.swift */; };
		6E98F0BB1F15931D009C15FB /* QuotedStringTests.swift in Sources */ = {isa = PBXBuildFile; fileRef = 6E98F0BA1F15931D009C15FB /* QuotedStringTests.swift */; };
		6EC1A6B01EBCDDAF000DEFA6 /* XCTestCase+AsyncTesting.swift in Sources */ = {isa = PBXBuildFile; fileRef = 6EC1A6AF1EBCDDAF000DEFA6 /* XCTestCase+AsyncTesting.swift */; };
		6EC1A6B31EBCE2E2000DEFA6 /* AsyncTestingTests.swift in Sources */ = {isa = PBXBuildFile; fileRef = 6EC1A6B21EBCE2E2000DEFA6 /* AsyncTestingTests.swift */; };
		6ED689011EFC2D3C0040C243 /* UIAlertControllerAssertions.swift in Sources */ = {isa = PBXBuildFile; fileRef = 6ED689001EFC2D3C0040C243 /* UIAlertControllerAssertions.swift */; };
		6EF9B23B1EBBA65600B87FA3 /* UISegmentedControlTestingTests.swift in Sources */ = {isa = PBXBuildFile; fileRef = 6EF9B23A1EBBA65600B87FA3 /* UISegmentedControlTestingTests.swift */; };
/* End PBXBuildFile section */

/* Begin PBXContainerItemProxy section */
		4A3CFF031CDD5F37003EF6F0 /* PBXContainerItemProxy */ = {
			isa = PBXContainerItemProxy;
			containerPortal = 4A3CFEEE1CDD5F37003EF6F0 /* Project object */;
			proxyType = 1;
			remoteGlobalIDString = 4A3CFEF61CDD5F37003EF6F0;
			remoteInfo = MetovaTestKit;
		};
		6E23682E1F043F5A008E3231 /* PBXContainerItemProxy */ = {
			isa = PBXContainerItemProxy;
			containerPortal = 4A3CFEEE1CDD5F37003EF6F0 /* Project object */;
			proxyType = 1;
			remoteGlobalIDString = 6E2368121F043F37008E3231;
			remoteInfo = HostApplicationForTesting;
		};
/* End PBXContainerItemProxy section */

/* Begin PBXFileReference section */
		4A3CFEF71CDD5F37003EF6F0 /* MetovaTestKit.framework */ = {isa = PBXFileReference; explicitFileType = wrapper.framework; includeInIndex = 0; path = MetovaTestKit.framework; sourceTree = BUILT_PRODUCTS_DIR; };
		4A3CFEFA1CDD5F37003EF6F0 /* MetovaTestKit.h */ = {isa = PBXFileReference; lastKnownFileType = sourcecode.c.h; path = MetovaTestKit.h; sourceTree = "<group>"; };
		4A3CFEFC1CDD5F37003EF6F0 /* Info.plist */ = {isa = PBXFileReference; lastKnownFileType = text.plist.xml; path = Info.plist; sourceTree = "<group>"; };
		4A3CFF011CDD5F37003EF6F0 /* MetovaTestKitTests.xctest */ = {isa = PBXFileReference; explicitFileType = wrapper.cfbundle; includeInIndex = 0; path = MetovaTestKitTests.xctest; sourceTree = BUILT_PRODUCTS_DIR; };
		4A3CFF081CDD5F37003EF6F0 /* Info.plist */ = {isa = PBXFileReference; lastKnownFileType = text.plist.xml; path = Info.plist; sourceTree = "<group>"; };
		4A3CFF121CDD6043003EF6F0 /* .gitignore */ = {isa = PBXFileReference; fileEncoding = 4; lastKnownFileType = text; path = .gitignore; sourceTree = "<group>"; };
		4A3CFF131CDD6043003EF6F0 /* .slather.yml */ = {isa = PBXFileReference; fileEncoding = 4; lastKnownFileType = text; path = .slather.yml; sourceTree = "<group>"; };
		4A3CFF141CDD6043003EF6F0 /* .swiftlint.yml */ = {isa = PBXFileReference; fileEncoding = 4; indentWidth = 2; lastKnownFileType = text; path = .swiftlint.yml; sourceTree = "<group>"; };
		4A3CFF151CDD6043003EF6F0 /* CHANGELOG.md */ = {isa = PBXFileReference; fileEncoding = 4; lastKnownFileType = net.daringfireball.markdown; path = CHANGELOG.md; sourceTree = "<group>"; };
		4A3CFF161CDD6043003EF6F0 /* LICENSE */ = {isa = PBXFileReference; fileEncoding = 4; lastKnownFileType = text; path = LICENSE; sourceTree = "<group>"; };
		4A3CFF171CDD6043003EF6F0 /* Package.swift */ = {isa = PBXFileReference; fileEncoding = 4; lastKnownFileType = sourcecode.swift; path = Package.swift; sourceTree = "<group>"; };
		4A3CFF181CDD6043003EF6F0 /* README.md */ = {isa = PBXFileReference; fileEncoding = 4; lastKnownFileType = net.daringfireball.markdown; path = README.md; sourceTree = "<group>"; };
		4A3CFF201CDD60CA003EF6F0 /* MTKExceptionTester.h */ = {isa = PBXFileReference; fileEncoding = 4; lastKnownFileType = sourcecode.c.h; name = MTKExceptionTester.h; path = ExceptionTesting/MTKExceptionTester.h; sourceTree = "<group>"; };
		4A3CFF211CDD60CA003EF6F0 /* MTKExceptionTester.m */ = {isa = PBXFileReference; fileEncoding = 4; lastKnownFileType = sourcecode.c.objc; name = MTKExceptionTester.m; path = ExceptionTesting/MTKExceptionTester.m; sourceTree = "<group>"; };
		4A3CFFB81CDD74A8003EF6F0 /* MTK.podspec */ = {isa = PBXFileReference; indentWidth = 2; lastKnownFileType = text; path = MTK.podspec; sourceTree = "<group>"; tabWidth = 4; };
		4A3CFFCA1CDE1473003EF6F0 /* XCTest.framework */ = {isa = PBXFileReference; lastKnownFileType = wrapper.framework; name = XCTest.framework; path = Platforms/iPhoneSimulator.platform/Developer/Library/Frameworks/XCTest.framework; sourceTree = DEVELOPER_DIR; };
		4A3CFFCD1CDE1548003EF6F0 /* ExceptionTestingTests.swift */ = {isa = PBXFileReference; fileEncoding = 4; lastKnownFileType = sourcecode.swift; path = ExceptionTestingTests.swift; sourceTree = "<group>"; };
		4A771F2E1D4C144400EFD0B8 /* MTKBrokenConstraintCounter.h */ = {isa = PBXFileReference; fileEncoding = 4; lastKnownFileType = sourcecode.c.h; name = MTKBrokenConstraintCounter.h; path = ConstraintTesting/MTKBrokenConstraintCounter.h; sourceTree = "<group>"; };
		4A771F2F1D4C144400EFD0B8 /* MTKBrokenConstraintCounter.m */ = {isa = PBXFileReference; fileEncoding = 4; lastKnownFileType = sourcecode.c.objc; name = MTKBrokenConstraintCounter.m; path = ConstraintTesting/MTKBrokenConstraintCounter.m; sourceTree = "<group>"; };
		4A771F321D4C155700EFD0B8 /* MTKConstraintTester.swift */ = {isa = PBXFileReference; fileEncoding = 4; lastKnownFileType = sourcecode.swift; name = MTKConstraintTester.swift; path = ConstraintTesting/MTKConstraintTester.swift; sourceTree = "<group>"; };
		4A771F341D4C173300EFD0B8 /* ConstraintTestingTests.swift */ = {isa = PBXFileReference; fileEncoding = 4; lastKnownFileType = sourcecode.swift; path = ConstraintTestingTests.swift; sourceTree = "<group>"; };
		4A771FC81D4D534200EFD0B8 /* MTKBaseTestCase.swift */ = {isa = PBXFileReference; fileEncoding = 4; lastKnownFileType = sourcecode.swift; path = MTKBaseTestCase.swift; sourceTree = "<group>"; };
		4A8AD4E81CDEA2A30085984D /* MTKTestable.swift */ = {isa = PBXFileReference; fileEncoding = 4; lastKnownFileType = sourcecode.swift; name = MTKTestable.swift; path = ViewControllerTesting/MTKTestable.swift; sourceTree = "<group>"; };
		4A8AD4EA1CDEA2B60085984D /* MTKExceptionTesting.swift */ = {isa = PBXFileReference; fileEncoding = 4; lastKnownFileType = sourcecode.swift; name = MTKExceptionTesting.swift; path = ExceptionTesting/MTKExceptionTesting.swift; sourceTree = "<group>"; };
		4A8AD4EC1CDEA53A0085984D /* MTKTestable+UIViewController.swift */ = {isa = PBXFileReference; fileEncoding = 4; lastKnownFileType = sourcecode.swift; name = "MTKTestable+UIViewController.swift"; path = "ViewControllerTesting/MTKTestable+UIViewController.swift"; sourceTree = "<group>"; };
		4A8AD4EF1CDEB6C30085984D /* TestableViewController.swift */ = {isa = PBXFileReference; fileEncoding = 4; lastKnownFileType = sourcecode.swift; name = TestableViewController.swift; path = SupportingTestFiles/TestableViewController.swift; sourceTree = "<group>"; };
		4A8AD4F01CDEB6C30085984D /* TestableViewController.xib */ = {isa = PBXFileReference; fileEncoding = 4; lastKnownFileType = file.xib; name = TestableViewController.xib; path = SupportingTestFiles/TestableViewController.xib; sourceTree = "<group>"; };
		4A8AD4F31CDEB7A60085984D /* TestableProtocolTests.swift */ = {isa = PBXFileReference; fileEncoding = 4; lastKnownFileType = sourcecode.swift; path = TestableProtocolTests.swift; sourceTree = "<group>"; };
		4A8AD4F51CDEDF110085984D /* CONTRIBUTING.md */ = {isa = PBXFileReference; fileEncoding = 4; lastKnownFileType = net.daringfireball.markdown; path = CONTRIBUTING.md; sourceTree = "<group>"; };
		4A8AD4F71CDEE4220085984D /* .travis.yml */ = {isa = PBXFileReference; indentWidth = 2; lastKnownFileType = text; path = .travis.yml; sourceTree = "<group>"; };
		4AB9A3E01CDF6AB00021B6B8 /* Gemfile */ = {isa = PBXFileReference; explicitFileType = text.script.ruby; indentWidth = 2; path = Gemfile; sourceTree = "<group>"; };
		6E2368091F035295008E3231 /* UIViewController+TestUtilities.swift */ = {isa = PBXFileReference; fileEncoding = 4; lastKnownFileType = sourcecode.swift; path = "UIViewController+TestUtilities.swift"; sourceTree = "<group>"; };
		6E2368131F043F37008E3231 /* HostApplicationForTesting.app */ = {isa = PBXFileReference; explicitFileType = wrapper.application; includeInIndex = 0; path = HostApplicationForTesting.app; sourceTree = BUILT_PRODUCTS_DIR; };
		6E2368151F043F37008E3231 /* AppDelegate.swift */ = {isa = PBXFileReference; lastKnownFileType = sourcecode.swift; path = AppDelegate.swift; sourceTree = "<group>"; };
		6E2368171F043F37008E3231 /* ViewController.swift */ = {isa = PBXFileReference; lastKnownFileType = sourcecode.swift; path = ViewController.swift; sourceTree = "<group>"; };
		6E23681A1F043F37008E3231 /* Base */ = {isa = PBXFileReference; lastKnownFileType = file.storyboard; name = Base; path = Base.lproj/Main.storyboard; sourceTree = "<group>"; };
		6E23681C1F043F37008E3231 /* Assets.xcassets */ = {isa = PBXFileReference; lastKnownFileType = folder.assetcatalog; path = Assets.xcassets; sourceTree = "<group>"; };
		6E23681F1F043F37008E3231 /* Base */ = {isa = PBXFileReference; lastKnownFileType = file.storyboard; name = Base; path = Base.lproj/LaunchScreen.storyboard; sourceTree = "<group>"; };
		6E2368211F043F37008E3231 /* Info.plist */ = {isa = PBXFileReference; lastKnownFileType = text.plist.xml; path = Info.plist; sourceTree = "<group>"; };
		6E2368291F043F5A008E3231 /* HostedTests.xctest */ = {isa = PBXFileReference; explicitFileType = wrapper.cfbundle; includeInIndex = 0; path = HostedTests.xctest; sourceTree = BUILT_PRODUCTS_DIR; };
		6E23682B1F043F5A008E3231 /* UIAlertControllerTestingTests.swift */ = {isa = PBXFileReference; lastKnownFileType = sourcecode.swift; path = UIAlertControllerTestingTests.swift; sourceTree = "<group>"; };
		6E23682D1F043F5A008E3231 /* Info.plist */ = {isa = PBXFileReference; lastKnownFileType = text.plist.xml; path = Info.plist; sourceTree = "<group>"; };
		6E2368351F046B26008E3231 /* QuotedString.swift */ = {isa = PBXFileReference; fileEncoding = 4; lastKnownFileType = sourcecode.swift; path = QuotedString.swift; sourceTree = "<group>"; };
		6E8D4B071EB7C5DF001284FD /* FailureRecording.swift */ = {isa = PBXFileReference; fileEncoding = 4; lastKnownFileType = sourcecode.swift; name = FailureRecording.swift; path = Internal/FailureRecording.swift; sourceTree = "<group>"; };
		6E8D4B0B1EB7CF67001284FD /* UIControlTestingTests.swift */ = {isa = PBXFileReference; fileEncoding = 4; lastKnownFileType = sourcecode.swift; path = UIControlTestingTests.swift; sourceTree = "<group>"; };
		6E8D4B181EB8138B001284FD /* UIControlAssertions.swift */ = {isa = PBXFileReference; fileEncoding = 4; lastKnownFileType = sourcecode.swift; name = UIControlAssertions.swift; path = UIKitTesting/UIControlAssertions.swift; sourceTree = "<group>"; };
		6E8D4B1A1EB8154A001284FD /* .ruby-version */ = {isa = PBXFileReference; lastKnownFileType = text; path = ".ruby-version"; sourceTree = "<group>"; };
		6E8D4B1D1EB8D660001284FD /* FailureRecordingTests.swift */ = {isa = PBXFileReference; fileEncoding = 4; lastKnownFileType = sourcecode.swift; path = FailureRecordingTests.swift; sourceTree = "<group>"; };
		6E8D4B211EB941B9001284FD /* UISegmentedControlAssertions.swift */ = {isa = PBXFileReference; fileEncoding = 4; lastKnownFileType = sourcecode.swift; name = UISegmentedControlAssertions.swift; path = UIKitTesting/UISegmentedControlAssertions.swift; sourceTree = "<group>"; };
		6E8D4B231EB941F8001284FD /* Array+Utilities.swift */ = {isa = PBXFileReference; fileEncoding = 4; lastKnownFileType = sourcecode.swift; name = "Array+Utilities.swift"; path = "Internal/Array+Utilities.swift"; sourceTree = "<group>"; };
		6E98F0BA1F15931D009C15FB /* QuotedStringTests.swift */ = {isa = PBXFileReference; fileEncoding = 4; lastKnownFileType = sourcecode.swift; path = QuotedStringTests.swift; sourceTree = "<group>"; };
		6E98F0BC1F16A330009C15FB /* README.md */ = {isa = PBXFileReference; lastKnownFileType = net.daringfireball.markdown; path = README.md; sourceTree = "<group>"; };
		6EC1A6AF1EBCDDAF000DEFA6 /* XCTestCase+AsyncTesting.swift */ = {isa = PBXFileReference; fileEncoding = 4; lastKnownFileType = sourcecode.swift; path = "XCTestCase+AsyncTesting.swift"; sourceTree = "<group>"; };
		6EC1A6B21EBCE2E2000DEFA6 /* AsyncTestingTests.swift */ = {isa = PBXFileReference; fileEncoding = 4; lastKnownFileType = sourcecode.swift; path = AsyncTestingTests.swift; sourceTree = "<group>"; };
		6ED689001EFC2D3C0040C243 /* UIAlertControllerAssertions.swift */ = {isa = PBXFileReference; fileEncoding = 4; lastKnownFileType = sourcecode.swift; path = UIAlertControllerAssertions.swift; sourceTree = "<group>"; };
		6EF9B23A1EBBA65600B87FA3 /* UISegmentedControlTestingTests.swift */ = {isa = PBXFileReference; fileEncoding = 4; lastKnownFileType = sourcecode.swift; path = UISegmentedControlTestingTests.swift; sourceTree = "<group>"; };
/* End PBXFileReference section */

/* Begin PBXFrameworksBuildPhase section */
		4A3CFEF31CDD5F37003EF6F0 /* Frameworks */ = {
			isa = PBXFrameworksBuildPhase;
			buildActionMask = 2147483647;
			files = (
				4A3CFFCB1CDE1473003EF6F0 /* XCTest.framework in Frameworks */,
			);
			runOnlyForDeploymentPostprocessing = 0;
		};
		4A3CFEFE1CDD5F37003EF6F0 /* Frameworks */ = {
			isa = PBXFrameworksBuildPhase;
			buildActionMask = 2147483647;
			files = (
				4A3CFF021CDD5F37003EF6F0 /* MetovaTestKit.framework in Frameworks */,
			);
			runOnlyForDeploymentPostprocessing = 0;
		};
		6E2368101F043F37008E3231 /* Frameworks */ = {
			isa = PBXFrameworksBuildPhase;
			buildActionMask = 2147483647;
			files = (
			);
			runOnlyForDeploymentPostprocessing = 0;
		};
		6E2368261F043F59008E3231 /* Frameworks */ = {
			isa = PBXFrameworksBuildPhase;
			buildActionMask = 2147483647;
			files = (
				6E2368341F045FFD008E3231 /* MetovaTestKit.framework in Frameworks */,
			);
			runOnlyForDeploymentPostprocessing = 0;
		};
/* End PBXFrameworksBuildPhase section */

/* Begin PBXGroup section */
		4A3CFEED1CDD5F37003EF6F0 = {
			isa = PBXGroup;
			children = (
				4A3CFF111CDD600C003EF6F0 /* Related Files */,
				4A3CFEF91CDD5F37003EF6F0 /* MetovaTestKit */,
				4A3CFF051CDD5F37003EF6F0 /* MetovaTestKitTests */,
				6E2368141F043F37008E3231 /* HostApplicationForTesting */,
				6E23682A1F043F5A008E3231 /* HostedTests */,
				4A3CFEF81CDD5F37003EF6F0 /* Products */,
				4A3CFFCC1CDE1480003EF6F0 /* Dependencies */,
			);
			sourceTree = "<group>";
		};
		4A3CFEF81CDD5F37003EF6F0 /* Products */ = {
			isa = PBXGroup;
			children = (
				4A3CFEF71CDD5F37003EF6F0 /* MetovaTestKit.framework */,
				4A3CFF011CDD5F37003EF6F0 /* MetovaTestKitTests.xctest */,
				6E2368131F043F37008E3231 /* HostApplicationForTesting.app */,
				6E2368291F043F5A008E3231 /* HostedTests.xctest */,
			);
			name = Products;
			sourceTree = "<group>";
		};
		4A3CFEF91CDD5F37003EF6F0 /* MetovaTestKit */ = {
			isa = PBXGroup;
			children = (
				6E2368081F03527C008E3231 /* Test Setup Utilities */,
				6EC1A6AE1EBCDD3F000DEFA6 /* AsynchronousTesting */,
				6E8D4B041EB7AD1B001284FD /* Internal Utilities */,
				6E8D4AFF1EB7AB70001284FD /* UIKitTesting */,
				4A771F2D1D4C13FC00EFD0B8 /* ConstraintTesting */,
				4A3CFF241CDD60CE003EF6F0 /* ExceptionTesting */,
				4A8AD4E71CDEA27E0085984D /* Testable */,
				4A3CFEFA1CDD5F37003EF6F0 /* MetovaTestKit.h */,
				4A3CFEFC1CDD5F37003EF6F0 /* Info.plist */,
			);
			path = MetovaTestKit;
			sourceTree = "<group>";
		};
		4A3CFF051CDD5F37003EF6F0 /* MetovaTestKitTests */ = {
			isa = PBXGroup;
			children = (
				4A8AD4EE1CDEB6300085984D /* Supporting Test Files */,
				6E8D4B1B1EB8D5D0001284FD /* Test Data */,
				6E8D4B1C1EB8D644001284FD /* Internal Utilities Tests */,
				6E8D4B171EB81064001284FD /* UIKit Testing Tests */,
				6EC1A6B11EBCE2C7000DEFA6 /* Asynchronous Testing Tests */,
				4A3CFFCD1CDE1548003EF6F0 /* ExceptionTestingTests.swift */,
				4A8AD4F31CDEB7A60085984D /* TestableProtocolTests.swift */,
				4A771F341D4C173300EFD0B8 /* ConstraintTestingTests.swift */,
			);
			path = MetovaTestKitTests;
			sourceTree = "<group>";
		};
		4A3CFF111CDD600C003EF6F0 /* Related Files */ = {
			isa = PBXGroup;
			children = (
				4A3CFF121CDD6043003EF6F0 /* .gitignore */,
				4A3CFF131CDD6043003EF6F0 /* .slather.yml */,
				4A3CFF141CDD6043003EF6F0 /* .swiftlint.yml */,
				4A8AD4F71CDEE4220085984D /* .travis.yml */,
				6E8D4B1A1EB8154A001284FD /* .ruby-version */,
				4AB9A3E01CDF6AB00021B6B8 /* Gemfile */,
				4A3CFF151CDD6043003EF6F0 /* CHANGELOG.md */,
				4A3CFF161CDD6043003EF6F0 /* LICENSE */,
				4A3CFF171CDD6043003EF6F0 /* Package.swift */,
				4A8AD4F51CDEDF110085984D /* CONTRIBUTING.md */,
				4A3CFF181CDD6043003EF6F0 /* README.md */,
				4A3CFFB81CDD74A8003EF6F0 /* MTK.podspec */,
			);
			name = "Related Files";
			sourceTree = "<group>";
		};
		4A3CFF241CDD60CE003EF6F0 /* ExceptionTesting */ = {
			isa = PBXGroup;
			children = (
				4A8AD4EA1CDEA2B60085984D /* MTKExceptionTesting.swift */,
				4A3CFF201CDD60CA003EF6F0 /* MTKExceptionTester.h */,
				4A3CFF211CDD60CA003EF6F0 /* MTKExceptionTester.m */,
			);
			name = ExceptionTesting;
			sourceTree = "<group>";
		};
		4A3CFFCC1CDE1480003EF6F0 /* Dependencies */ = {
			isa = PBXGroup;
			children = (
				4A3CFFCA1CDE1473003EF6F0 /* XCTest.framework */,
			);
			name = Dependencies;
			sourceTree = "<group>";
		};
		4A771F2D1D4C13FC00EFD0B8 /* ConstraintTesting */ = {
			isa = PBXGroup;
			children = (
				4A771F321D4C155700EFD0B8 /* MTKConstraintTester.swift */,
				4A771F2E1D4C144400EFD0B8 /* MTKBrokenConstraintCounter.h */,
				4A771F2F1D4C144400EFD0B8 /* MTKBrokenConstraintCounter.m */,
			);
			name = ConstraintTesting;
			sourceTree = "<group>";
		};
		4A8AD4E71CDEA27E0085984D /* Testable */ = {
			isa = PBXGroup;
			children = (
				4A8AD4E81CDEA2A30085984D /* MTKTestable.swift */,
				4A8AD4EC1CDEA53A0085984D /* MTKTestable+UIViewController.swift */,
			);
			name = Testable;
			sourceTree = "<group>";
		};
		4A8AD4EE1CDEB6300085984D /* Supporting Test Files */ = {
			isa = PBXGroup;
			children = (
				4A771FC81D4D534200EFD0B8 /* MTKBaseTestCase.swift */,
				4A3CFF081CDD5F37003EF6F0 /* Info.plist */,
			);
			name = "Supporting Test Files";
			sourceTree = "<group>";
		};
		6E2368081F03527C008E3231 /* Test Setup Utilities */ = {
			isa = PBXGroup;
			children = (
				6E2368091F035295008E3231 /* UIViewController+TestUtilities.swift */,
			);
			name = "Test Setup Utilities";
			sourceTree = "<group>";
		};
		6E2368141F043F37008E3231 /* HostApplicationForTesting */ = {
			isa = PBXGroup;
			children = (
				6E2368151F043F37008E3231 /* AppDelegate.swift */,
				6E2368171F043F37008E3231 /* ViewController.swift */,
				6E2368191F043F37008E3231 /* Main.storyboard */,
				6E23681C1F043F37008E3231 /* Assets.xcassets */,
				6E23681E1F043F37008E3231 /* LaunchScreen.storyboard */,
				6E2368211F043F37008E3231 /* Info.plist */,
			);
			path = HostApplicationForTesting;
			sourceTree = "<group>";
		};
		6E23682A1F043F5A008E3231 /* HostedTests */ = {
			isa = PBXGroup;
			children = (
				6E23682B1F043F5A008E3231 /* UIAlertControllerTestingTests.swift */,
				6E23682D1F043F5A008E3231 /* Info.plist */,
				6E98F0BC1F16A330009C15FB /* README.md */,
			);
			path = HostedTests;
			sourceTree = "<group>";
		};
		6E8D4AFF1EB7AB70001284FD /* UIKitTesting */ = {
			isa = PBXGroup;
			children = (
				6E8D4B181EB8138B001284FD /* UIControlAssertions.swift */,
				6E8D4B211EB941B9001284FD /* UISegmentedControlAssertions.swift */,
				6ED689001EFC2D3C0040C243 /* UIAlertControllerAssertions.swift */,
			);
			name = UIKitTesting;
			sourceTree = "<group>";
		};
		6E8D4B041EB7AD1B001284FD /* Internal Utilities */ = {
			isa = PBXGroup;
			children = (
				6E8D4B071EB7C5DF001284FD /* FailureRecording.swift */,
				6E8D4B231EB941F8001284FD /* Array+Utilities.swift */,
				6E2368351F046B26008E3231 /* QuotedString.swift */,
			);
			name = "Internal Utilities";
			sourceTree = "<group>";
		};
		6E8D4B171EB81064001284FD /* UIKit Testing Tests */ = {
			isa = PBXGroup;
			children = (
				6E8D4B0B1EB7CF67001284FD /* UIControlTestingTests.swift */,
				6EF9B23A1EBBA65600B87FA3 /* UISegmentedControlTestingTests.swift */,
			);
			name = "UIKit Testing Tests";
			sourceTree = "<group>";
		};
		6E8D4B1B1EB8D5D0001284FD /* Test Data */ = {
			isa = PBXGroup;
			children = (
				4A8AD4EF1CDEB6C30085984D /* TestableViewController.swift */,
				4A8AD4F01CDEB6C30085984D /* TestableViewController.xib */,
			);
			name = "Test Data";
			sourceTree = "<group>";
		};
		6E8D4B1C1EB8D644001284FD /* Internal Utilities Tests */ = {
			isa = PBXGroup;
			children = (
				6E8D4B1D1EB8D660001284FD /* FailureRecordingTests.swift */,
				6E98F0BA1F15931D009C15FB /* QuotedStringTests.swift */,
			);
			name = "Internal Utilities Tests";
			sourceTree = "<group>";
		};
		6EC1A6AE1EBCDD3F000DEFA6 /* AsynchronousTesting */ = {
			isa = PBXGroup;
			children = (
				6EC1A6AF1EBCDDAF000DEFA6 /* XCTestCase+AsyncTesting.swift */,
			);
			path = AsynchronousTesting;
			sourceTree = "<group>";
		};
		6EC1A6B11EBCE2C7000DEFA6 /* Asynchronous Testing Tests */ = {
			isa = PBXGroup;
			children = (
				6EC1A6B21EBCE2E2000DEFA6 /* AsyncTestingTests.swift */,
			);
			name = "Asynchronous Testing Tests";
			sourceTree = "<group>";
		};
/* End PBXGroup section */

/* Begin PBXHeadersBuildPhase section */
		4A3CFEF41CDD5F37003EF6F0 /* Headers */ = {
			isa = PBXHeadersBuildPhase;
			buildActionMask = 2147483647;
			files = (
				4A771F301D4C144400EFD0B8 /* MTKBrokenConstraintCounter.h in Headers */,
				4A3CFEFB1CDD5F37003EF6F0 /* MetovaTestKit.h in Headers */,
				4A3CFFBD1CDD7B60003EF6F0 /* MTKExceptionTester.h in Headers */,
			);
			runOnlyForDeploymentPostprocessing = 0;
		};
/* End PBXHeadersBuildPhase section */

/* Begin PBXNativeTarget section */
		4A3CFEF61CDD5F37003EF6F0 /* MetovaTestKit */ = {
			isa = PBXNativeTarget;
			buildConfigurationList = 4A3CFF0B1CDD5F37003EF6F0 /* Build configuration list for PBXNativeTarget "MetovaTestKit" */;
			buildPhases = (
				4A8AD4E51CDEA0F90085984D /* TODO Warnings */,
				4A3CFF291CDD6630003EF6F0 /* SwiftLint */,
				4A3CFEF21CDD5F37003EF6F0 /* Sources */,
				4A3CFEF31CDD5F37003EF6F0 /* Frameworks */,
				4A3CFEF41CDD5F37003EF6F0 /* Headers */,
				4A3CFEF51CDD5F37003EF6F0 /* Resources */,
			);
			buildRules = (
			);
			dependencies = (
			);
			name = MetovaTestKit;
			productName = MetovaTestKit;
			productReference = 4A3CFEF71CDD5F37003EF6F0 /* MetovaTestKit.framework */;
			productType = "com.apple.product-type.framework";
		};
		4A3CFF001CDD5F37003EF6F0 /* MetovaTestKitTests */ = {
			isa = PBXNativeTarget;
			buildConfigurationList = 4A3CFF0E1CDD5F37003EF6F0 /* Build configuration list for PBXNativeTarget "MetovaTestKitTests" */;
			buildPhases = (
				4A3CFEFD1CDD5F37003EF6F0 /* Sources */,
				4A3CFEFE1CDD5F37003EF6F0 /* Frameworks */,
				4A3CFEFF1CDD5F37003EF6F0 /* Resources */,
			);
			buildRules = (
			);
			dependencies = (
				4A3CFF041CDD5F37003EF6F0 /* PBXTargetDependency */,
			);
			name = MetovaTestKitTests;
			productName = MetovaTestKitTests;
			productReference = 4A3CFF011CDD5F37003EF6F0 /* MetovaTestKitTests.xctest */;
			productType = "com.apple.product-type.bundle.unit-test";
		};
		6E2368121F043F37008E3231 /* HostApplicationForTesting */ = {
			isa = PBXNativeTarget;
			buildConfigurationList = 6E2368221F043F37008E3231 /* Build configuration list for PBXNativeTarget "HostApplicationForTesting" */;
			buildPhases = (
				6E23680F1F043F37008E3231 /* Sources */,
				6E2368101F043F37008E3231 /* Frameworks */,
				6E2368111F043F37008E3231 /* Resources */,
			);
			buildRules = (
			);
			dependencies = (
			);
			name = HostApplicationForTesting;
			productName = HostApplicationForTesting;
			productReference = 6E2368131F043F37008E3231 /* HostApplicationForTesting.app */;
			productType = "com.apple.product-type.application";
		};
		6E2368281F043F59008E3231 /* HostedTests */ = {
			isa = PBXNativeTarget;
			buildConfigurationList = 6E2368301F043F5A008E3231 /* Build configuration list for PBXNativeTarget "HostedTests" */;
			buildPhases = (
				6E2368251F043F59008E3231 /* Sources */,
				6E2368261F043F59008E3231 /* Frameworks */,
				6E2368271F043F59008E3231 /* Resources */,
			);
			buildRules = (
			);
			dependencies = (
				6E23682F1F043F5A008E3231 /* PBXTargetDependency */,
			);
			name = HostedTests;
			productName = HostedTests;
			productReference = 6E2368291F043F5A008E3231 /* HostedTests.xctest */;
			productType = "com.apple.product-type.bundle.unit-test";
		};
/* End PBXNativeTarget section */

/* Begin PBXProject section */
		4A3CFEEE1CDD5F37003EF6F0 /* Project object */ = {
			isa = PBXProject;
			attributes = {
				CLASSPREFIX = "";
				LastSwiftUpdateCheck = 0830;
				LastUpgradeCheck = 0800;
				ORGANIZATIONNAME = Metova;
				TargetAttributes = {
					4A3CFEF61CDD5F37003EF6F0 = {
						CreatedOnToolsVersion = 7.3;
						LastSwiftMigration = 0800;
					};
					4A3CFF001CDD5F37003EF6F0 = {
						CreatedOnToolsVersion = 7.3;
						LastSwiftMigration = 0800;
					};
					6E2368121F043F37008E3231 = {
						CreatedOnToolsVersion = 8.3.3;
						ProvisioningStyle = Automatic;
					};
					6E2368281F043F59008E3231 = {
						CreatedOnToolsVersion = 8.3.3;
						ProvisioningStyle = Automatic;
						TestTargetID = 6E2368121F043F37008E3231;
					};
				};
			};
			buildConfigurationList = 4A3CFEF11CDD5F37003EF6F0 /* Build configuration list for PBXProject "MetovaTestKit" */;
			compatibilityVersion = "Xcode 3.2";
			developmentRegion = English;
			hasScannedForEncodings = 0;
			knownRegions = (
				en,
				Base,
			);
			mainGroup = 4A3CFEED1CDD5F37003EF6F0;
			productRefGroup = 4A3CFEF81CDD5F37003EF6F0 /* Products */;
			projectDirPath = "";
			projectRoot = "";
			targets = (
				4A3CFEF61CDD5F37003EF6F0 /* MetovaTestKit */,
				4A3CFF001CDD5F37003EF6F0 /* MetovaTestKitTests */,
				6E2368121F043F37008E3231 /* HostApplicationForTesting */,
				6E2368281F043F59008E3231 /* HostedTests */,
			);
		};
/* End PBXProject section */

/* Begin PBXResourcesBuildPhase section */
		4A3CFEF51CDD5F37003EF6F0 /* Resources */ = {
			isa = PBXResourcesBuildPhase;
			buildActionMask = 2147483647;
			files = (
			);
			runOnlyForDeploymentPostprocessing = 0;
		};
		4A3CFEFF1CDD5F37003EF6F0 /* Resources */ = {
			isa = PBXResourcesBuildPhase;
			buildActionMask = 2147483647;
			files = (
				4A8AD4F21CDEB6C30085984D /* TestableViewController.xib in Resources */,
			);
			runOnlyForDeploymentPostprocessing = 0;
		};
		6E2368111F043F37008E3231 /* Resources */ = {
			isa = PBXResourcesBuildPhase;
			buildActionMask = 2147483647;
			files = (
				6E2368201F043F37008E3231 /* LaunchScreen.storyboard in Resources */,
				6E23681D1F043F37008E3231 /* Assets.xcassets in Resources */,
				6E23681B1F043F37008E3231 /* Main.storyboard in Resources */,
			);
			runOnlyForDeploymentPostprocessing = 0;
		};
		6E2368271F043F59008E3231 /* Resources */ = {
			isa = PBXResourcesBuildPhase;
			buildActionMask = 2147483647;
			files = (
			);
			runOnlyForDeploymentPostprocessing = 0;
		};
/* End PBXResourcesBuildPhase section */

/* Begin PBXShellScriptBuildPhase section */
		4A3CFF291CDD6630003EF6F0 /* SwiftLint */ = {
			isa = PBXShellScriptBuildPhase;
			buildActionMask = 2147483647;
			files = (
			);
			inputPaths = (
			);
			name = SwiftLint;
			outputPaths = (
			);
			runOnlyForDeploymentPostprocessing = 0;
			shellPath = /bin/sh;
			shellScript = "if which swiftlint >/dev/null; then\n    swiftlint autocorrect && swiftlint\nelse\n    cat << EOM\nerror: SwiftLint not installed.\n\nYou can install SwiftLint via Homebrew:\n\n$ brew update\n$ brew install swiftlint\n\nFor more information, visit https://github.com/realm/SwiftLint\nEOM\n    exit 1\nfi";
		};
		4A8AD4E51CDEA0F90085984D /* TODO Warnings */ = {
			isa = PBXShellScriptBuildPhase;
			buildActionMask = 2147483647;
			files = (
			);
			inputPaths = (
			);
			name = "TODO Warnings";
			outputPaths = (
			);
			runOnlyForDeploymentPostprocessing = 0;
			shellPath = /bin/sh;
			shellScript = "if [ \"${CONFIGURATION}\" = \"Debug\" ]; then\nKEYWORDS=\"TODO:\"\nfind \"${SRCROOT}/MetovaTestKit\" \"${SRCROOT}/MetovaTestKitTests\" \\( -name \"*.h\" -or -name \"*.m\" -or -name \"*.mm\" -or -name \"*.swift\" \\) -print0 | \\\nxargs -0 egrep --with-filename --line-number --only-matching \"($KEYWORDS).*\\$\" | \\\nperl -p -e \"s/($KEYWORDS)/ warning: \\$1/\"\nfi";
		};
/* End PBXShellScriptBuildPhase section */

/* Begin PBXSourcesBuildPhase section */
		4A3CFEF21CDD5F37003EF6F0 /* Sources */ = {
			isa = PBXSourcesBuildPhase;
			buildActionMask = 2147483647;
			files = (
				6E8D4B241EB941F8001284FD /* Array+Utilities.swift in Sources */,
				6E2368361F046B26008E3231 /* QuotedString.swift in Sources */,
				4A771F331D4C155700EFD0B8 /* MTKConstraintTester.swift in Sources */,
				4A771F311D4C144400EFD0B8 /* MTKBrokenConstraintCounter.m in Sources */,
				6ED689011EFC2D3C0040C243 /* UIAlertControllerAssertions.swift in Sources */,
				4A8AD4EB1CDEA2B60085984D /* MTKExceptionTesting.swift in Sources */,
				4A8AD4ED1CDEA53A0085984D /* MTKTestable+UIViewController.swift in Sources */,
				6E8D4B191EB8138B001284FD /* UIControlAssertions.swift in Sources */,
				4A3CFF231CDD60CA003EF6F0 /* MTKExceptionTester.m in Sources */,
				6E23680A1F035295008E3231 /* UIViewController+TestUtilities.swift in Sources */,
				6E8D4B221EB941B9001284FD /* UISegmentedControlAssertions.swift in Sources */,
				6E8D4B081EB7C5DF001284FD /* FailureRecording.swift in Sources */,
				6EC1A6B01EBCDDAF000DEFA6 /* XCTestCase+AsyncTesting.swift in Sources */,
				4A8AD4E91CDEA2A30085984D /* MTKTestable.swift in Sources */,
			);
			runOnlyForDeploymentPostprocessing = 0;
		};
		4A3CFEFD1CDD5F37003EF6F0 /* Sources */ = {
			isa = PBXSourcesBuildPhase;
			buildActionMask = 2147483647;
			files = (
				4A8AD4F11CDEB6C30085984D /* TestableViewController.swift in Sources */,
				4A771F351D4C173300EFD0B8 /* ConstraintTestingTests.swift in Sources */,
				6E98F0BB1F15931D009C15FB /* QuotedStringTests.swift in Sources */,
				4A771FC91D4D534200EFD0B8 /* MTKBaseTestCase.swift in Sources */,
				6EF9B23B1EBBA65600B87FA3 /* UISegmentedControlTestingTests.swift in Sources */,
				4A8AD4F41CDEB7A60085984D /* TestableProtocolTests.swift in Sources */,
				6EC1A6B31EBCE2E2000DEFA6 /* AsyncTestingTests.swift in Sources */,
				4A3CFFCE1CDE1548003EF6F0 /* ExceptionTestingTests.swift in Sources */,
				6E8D4B0C1EB7CF68001284FD /* UIControlTestingTests.swift in Sources */,
				6E8D4B1E1EB8D660001284FD /* FailureRecordingTests.swift in Sources */,
			);
			runOnlyForDeploymentPostprocessing = 0;
		};
		6E23680F1F043F37008E3231 /* Sources */ = {
			isa = PBXSourcesBuildPhase;
			buildActionMask = 2147483647;
			files = (
				6E2368181F043F37008E3231 /* ViewController.swift in Sources */,
				6E2368161F043F37008E3231 /* AppDelegate.swift in Sources */,
			);
			runOnlyForDeploymentPostprocessing = 0;
		};
		6E2368251F043F59008E3231 /* Sources */ = {
			isa = PBXSourcesBuildPhase;
			buildActionMask = 2147483647;
			files = (
				6E23682C1F043F5A008E3231 /* UIAlertControllerTestingTests.swift in Sources */,
				6E2368331F0440EF008E3231 /* MTKBaseTestCase.swift in Sources */,
			);
			runOnlyForDeploymentPostprocessing = 0;
		};
/* End PBXSourcesBuildPhase section */

/* Begin PBXTargetDependency section */
		4A3CFF041CDD5F37003EF6F0 /* PBXTargetDependency */ = {
			isa = PBXTargetDependency;
			target = 4A3CFEF61CDD5F37003EF6F0 /* MetovaTestKit */;
			targetProxy = 4A3CFF031CDD5F37003EF6F0 /* PBXContainerItemProxy */;
		};
		6E23682F1F043F5A008E3231 /* PBXTargetDependency */ = {
			isa = PBXTargetDependency;
			target = 6E2368121F043F37008E3231 /* HostApplicationForTesting */;
			targetProxy = 6E23682E1F043F5A008E3231 /* PBXContainerItemProxy */;
		};
/* End PBXTargetDependency section */

/* Begin PBXVariantGroup section */
		6E2368191F043F37008E3231 /* Main.storyboard */ = {
			isa = PBXVariantGroup;
			children = (
				6E23681A1F043F37008E3231 /* Base */,
			);
			name = Main.storyboard;
			sourceTree = "<group>";
		};
		6E23681E1F043F37008E3231 /* LaunchScreen.storyboard */ = {
			isa = PBXVariantGroup;
			children = (
				6E23681F1F043F37008E3231 /* Base */,
			);
			name = LaunchScreen.storyboard;
			sourceTree = "<group>";
		};
/* End PBXVariantGroup section */

/* Begin XCBuildConfiguration section */
		4A3CFF091CDD5F37003EF6F0 /* Debug */ = {
			isa = XCBuildConfiguration;
			buildSettings = {
				ALWAYS_SEARCH_USER_PATHS = NO;
				CLANG_ANALYZER_NONNULL = YES;
				CLANG_CXX_LANGUAGE_STANDARD = "gnu++0x";
				CLANG_CXX_LIBRARY = "libc++";
				CLANG_ENABLE_MODULES = YES;
				CLANG_ENABLE_OBJC_ARC = YES;
				CLANG_WARN_BOOL_CONVERSION = YES;
				CLANG_WARN_CONSTANT_CONVERSION = YES;
				CLANG_WARN_DIRECT_OBJC_ISA_USAGE = YES_ERROR;
				CLANG_WARN_EMPTY_BODY = YES;
				CLANG_WARN_ENUM_CONVERSION = YES;
				CLANG_WARN_INFINITE_RECURSION = YES;
				CLANG_WARN_INT_CONVERSION = YES;
				CLANG_WARN_OBJC_ROOT_CLASS = YES_ERROR;
				CLANG_WARN_SUSPICIOUS_MOVE = YES;
				CLANG_WARN_UNREACHABLE_CODE = YES;
				CLANG_WARN__DUPLICATE_METHOD_MATCH = YES;
				"CODE_SIGN_IDENTITY[sdk=iphoneos*]" = "iPhone Developer";
				COPY_PHASE_STRIP = NO;
				CURRENT_PROJECT_VERSION = 1;
				DEBUG_INFORMATION_FORMAT = dwarf;
				ENABLE_STRICT_OBJC_MSGSEND = YES;
				ENABLE_TESTABILITY = YES;
				GCC_C_LANGUAGE_STANDARD = gnu99;
				GCC_DYNAMIC_NO_PIC = NO;
				GCC_NO_COMMON_BLOCKS = YES;
				GCC_OPTIMIZATION_LEVEL = 0;
				GCC_PREPROCESSOR_DEFINITIONS = (
					"DEBUG=1",
					"$(inherited)",
				);
				GCC_WARN_64_TO_32_BIT_CONVERSION = YES;
				GCC_WARN_ABOUT_RETURN_TYPE = YES_ERROR;
				GCC_WARN_UNDECLARED_SELECTOR = YES;
				GCC_WARN_UNINITIALIZED_AUTOS = YES_AGGRESSIVE;
				GCC_WARN_UNUSED_FUNCTION = YES;
				GCC_WARN_UNUSED_VARIABLE = YES;
				IPHONEOS_DEPLOYMENT_TARGET = 8.0;
				MTL_ENABLE_DEBUG_INFO = YES;
				ONLY_ACTIVE_ARCH = YES;
				SDKROOT = iphoneos;
				SWIFT_OPTIMIZATION_LEVEL = "-Onone";
				SWIFT_VERSION = 3.0;
				TARGETED_DEVICE_FAMILY = "1,2";
				VERSIONING_SYSTEM = "apple-generic";
				VERSION_INFO_PREFIX = "";
			};
			name = Debug;
		};
		4A3CFF0A1CDD5F37003EF6F0 /* Release */ = {
			isa = XCBuildConfiguration;
			buildSettings = {
				ALWAYS_SEARCH_USER_PATHS = NO;
				CLANG_ANALYZER_NONNULL = YES;
				CLANG_CXX_LANGUAGE_STANDARD = "gnu++0x";
				CLANG_CXX_LIBRARY = "libc++";
				CLANG_ENABLE_MODULES = YES;
				CLANG_ENABLE_OBJC_ARC = YES;
				CLANG_WARN_BOOL_CONVERSION = YES;
				CLANG_WARN_CONSTANT_CONVERSION = YES;
				CLANG_WARN_DIRECT_OBJC_ISA_USAGE = YES_ERROR;
				CLANG_WARN_EMPTY_BODY = YES;
				CLANG_WARN_ENUM_CONVERSION = YES;
				CLANG_WARN_INFINITE_RECURSION = YES;
				CLANG_WARN_INT_CONVERSION = YES;
				CLANG_WARN_OBJC_ROOT_CLASS = YES_ERROR;
				CLANG_WARN_SUSPICIOUS_MOVE = YES;
				CLANG_WARN_UNREACHABLE_CODE = YES;
				CLANG_WARN__DUPLICATE_METHOD_MATCH = YES;
				"CODE_SIGN_IDENTITY[sdk=iphoneos*]" = "iPhone Developer";
				COPY_PHASE_STRIP = NO;
				CURRENT_PROJECT_VERSION = 1;
				DEBUG_INFORMATION_FORMAT = "dwarf-with-dsym";
				ENABLE_NS_ASSERTIONS = NO;
				ENABLE_STRICT_OBJC_MSGSEND = YES;
				GCC_C_LANGUAGE_STANDARD = gnu99;
				GCC_NO_COMMON_BLOCKS = YES;
				GCC_WARN_64_TO_32_BIT_CONVERSION = YES;
				GCC_WARN_ABOUT_RETURN_TYPE = YES_ERROR;
				GCC_WARN_UNDECLARED_SELECTOR = YES;
				GCC_WARN_UNINITIALIZED_AUTOS = YES_AGGRESSIVE;
				GCC_WARN_UNUSED_FUNCTION = YES;
				GCC_WARN_UNUSED_VARIABLE = YES;
				IPHONEOS_DEPLOYMENT_TARGET = 8.0;
				MTL_ENABLE_DEBUG_INFO = NO;
				SDKROOT = iphoneos;
				SWIFT_OPTIMIZATION_LEVEL = "-Owholemodule";
				SWIFT_VERSION = 3.0;
				TARGETED_DEVICE_FAMILY = "1,2";
				VALIDATE_PRODUCT = YES;
				VERSIONING_SYSTEM = "apple-generic";
				VERSION_INFO_PREFIX = "";
			};
			name = Release;
		};
		4A3CFF0C1CDD5F37003EF6F0 /* Debug */ = {
			isa = XCBuildConfiguration;
			buildSettings = {
				CLANG_ENABLE_MODULES = YES;
				"CODE_SIGN_IDENTITY[sdk=iphoneos*]" = "";
				DEFINES_MODULE = YES;
				DYLIB_COMPATIBILITY_VERSION = 1;
				DYLIB_CURRENT_VERSION = 1;
				DYLIB_INSTALL_NAME_BASE = "@rpath";
				FRAMEWORK_SEARCH_PATHS = (
					"$(PROJECT_DIR)",
					"$(inherited)",
					"$(DEVELOPER_FRAMEWORKS_DIR)",
					"$(PLATFORM_DIR)/Developer/Library/Frameworks",
				);
				INFOPLIST_FILE = MetovaTestKit/Info.plist;
				INSTALL_PATH = "$(LOCAL_LIBRARY_DIR)/Frameworks";
				IPHONEOS_DEPLOYMENT_TARGET = 8.0;
				LD_RUNPATH_SEARCH_PATHS = "$(inherited) @executable_path/Frameworks @loader_path/Frameworks";
				PRODUCT_BUNDLE_IDENTIFIER = metova.MetovaTestKit;
				PRODUCT_NAME = "$(TARGET_NAME)";
				SKIP_INSTALL = YES;
				SWIFT_OBJC_BRIDGING_HEADER = "";
				SWIFT_OPTIMIZATION_LEVEL = "-Onone";
				SWIFT_VERSION = 3.0;
			};
			name = Debug;
		};
		4A3CFF0D1CDD5F37003EF6F0 /* Release */ = {
			isa = XCBuildConfiguration;
			buildSettings = {
				CLANG_ENABLE_MODULES = YES;
				"CODE_SIGN_IDENTITY[sdk=iphoneos*]" = "";
				DEFINES_MODULE = YES;
				DYLIB_COMPATIBILITY_VERSION = 1;
				DYLIB_CURRENT_VERSION = 1;
				DYLIB_INSTALL_NAME_BASE = "@rpath";
				FRAMEWORK_SEARCH_PATHS = (
					"$(PROJECT_DIR)",
					"$(inherited)",
					"$(DEVELOPER_FRAMEWORKS_DIR)",
					"$(PLATFORM_DIR)/Developer/Library/Frameworks",
				);
				INFOPLIST_FILE = MetovaTestKit/Info.plist;
				INSTALL_PATH = "$(LOCAL_LIBRARY_DIR)/Frameworks";
				IPHONEOS_DEPLOYMENT_TARGET = 8.0;
				LD_RUNPATH_SEARCH_PATHS = "$(inherited) @executable_path/Frameworks @loader_path/Frameworks";
				PRODUCT_BUNDLE_IDENTIFIER = metova.MetovaTestKit;
				PRODUCT_NAME = "$(TARGET_NAME)";
				SKIP_INSTALL = YES;
				SWIFT_OBJC_BRIDGING_HEADER = "";
				SWIFT_VERSION = 3.0;
			};
			name = Release;
		};
		4A3CFF0F1CDD5F37003EF6F0 /* Debug */ = {
			isa = XCBuildConfiguration;
			buildSettings = {
				INFOPLIST_FILE = MetovaTestKitTests/Info.plist;
				LD_RUNPATH_SEARCH_PATHS = "$(inherited) @executable_path/Frameworks @loader_path/Frameworks";
				PRODUCT_BUNDLE_IDENTIFIER = metova.MetovaTestKitTests;
				PRODUCT_NAME = "$(TARGET_NAME)";
				SWIFT_VERSION = 3.0;
			};
			name = Debug;
		};
		4A3CFF101CDD5F37003EF6F0 /* Release */ = {
			isa = XCBuildConfiguration;
			buildSettings = {
				INFOPLIST_FILE = MetovaTestKitTests/Info.plist;
				LD_RUNPATH_SEARCH_PATHS = "$(inherited) @executable_path/Frameworks @loader_path/Frameworks";
				PRODUCT_BUNDLE_IDENTIFIER = metova.MetovaTestKitTests;
				PRODUCT_NAME = "$(TARGET_NAME)";
				SWIFT_VERSION = 3.0;
			};
			name = Release;
		};
		6E2368231F043F37008E3231 /* Debug */ = {
			isa = XCBuildConfiguration;
			buildSettings = {
				ASSETCATALOG_COMPILER_APPICON_NAME = AppIcon;
				CLANG_ANALYZER_NUMBER_OBJECT_CONVERSION = YES_AGGRESSIVE;
				CLANG_WARN_DOCUMENTATION_COMMENTS = YES;
				INFOPLIST_FILE = HostApplicationForTesting/Info.plist;
				IPHONEOS_DEPLOYMENT_TARGET = 10.3;
				LD_RUNPATH_SEARCH_PATHS = "$(inherited) @executable_path/Frameworks";
				PRODUCT_BUNDLE_IDENTIFIER = com.metova.HostApplicationForTesting;
				PRODUCT_NAME = "$(TARGET_NAME)";
				SWIFT_ACTIVE_COMPILATION_CONDITIONS = DEBUG;
				SWIFT_VERSION = 3.0;
			};
			name = Debug;
		};
		6E2368241F043F37008E3231 /* Release */ = {
			isa = XCBuildConfiguration;
			buildSettings = {
				ASSETCATALOG_COMPILER_APPICON_NAME = AppIcon;
				CLANG_ANALYZER_NUMBER_OBJECT_CONVERSION = YES_AGGRESSIVE;
				CLANG_WARN_DOCUMENTATION_COMMENTS = YES;
				INFOPLIST_FILE = HostApplicationForTesting/Info.plist;
				IPHONEOS_DEPLOYMENT_TARGET = 10.3;
				LD_RUNPATH_SEARCH_PATHS = "$(inherited) @executable_path/Frameworks";
				PRODUCT_BUNDLE_IDENTIFIER = com.metova.HostApplicationForTesting;
				PRODUCT_NAME = "$(TARGET_NAME)";
				SWIFT_VERSION = 3.0;
			};
			name = Release;
		};
		6E2368311F043F5A008E3231 /* Debug */ = {
			isa = XCBuildConfiguration;
			buildSettings = {
				BUNDLE_LOADER = "$(TEST_HOST)";
				CLANG_ANALYZER_NUMBER_OBJECT_CONVERSION = YES_AGGRESSIVE;
				CLANG_WARN_DOCUMENTATION_COMMENTS = YES;
				INFOPLIST_FILE = HostedTests/Info.plist;
				IPHONEOS_DEPLOYMENT_TARGET = 10.3;
				LD_RUNPATH_SEARCH_PATHS = "$(inherited) @executable_path/Frameworks @loader_path/Frameworks";
				PRODUCT_BUNDLE_IDENTIFIER = com.metova.HostedTests;
				PRODUCT_NAME = "$(TARGET_NAME)";
				SWIFT_ACTIVE_COMPILATION_CONDITIONS = DEBUG;
				SWIFT_VERSION = 3.0;
				TEST_HOST = "$(BUILT_PRODUCTS_DIR)/HostApplicationForTesting.app/HostApplicationForTesting";
			};
			name = Debug;
		};
		6E2368321F043F5A008E3231 /* Release */ = {
			isa = XCBuildConfiguration;
			buildSettings = {
				BUNDLE_LOADER = "$(TEST_HOST)";
				CLANG_ANALYZER_NUMBER_OBJECT_CONVERSION = YES_AGGRESSIVE;
				CLANG_WARN_DOCUMENTATION_COMMENTS = YES;
				INFOPLIST_FILE = HostedTests/Info.plist;
				IPHONEOS_DEPLOYMENT_TARGET = 10.3;
				LD_RUNPATH_SEARCH_PATHS = "$(inherited) @executable_path/Frameworks @loader_path/Frameworks";
				PRODUCT_BUNDLE_IDENTIFIER = com.metova.HostedTests;
				PRODUCT_NAME = "$(TARGET_NAME)";
				SWIFT_VERSION = 3.0;
				TEST_HOST = "$(BUILT_PRODUCTS_DIR)/HostApplicationForTesting.app/HostApplicationForTesting";
			};
			name = Release;
		};
/* End XCBuildConfiguration section */

/* Begin XCConfigurationList section */
		4A3CFEF11CDD5F37003EF6F0 /* Build configuration list for PBXProject "MetovaTestKit" */ = {
			isa = XCConfigurationList;
			buildConfigurations = (
				4A3CFF091CDD5F37003EF6F0 /* Debug */,
				4A3CFF0A1CDD5F37003EF6F0 /* Release */,
			);
			defaultConfigurationIsVisible = 0;
			defaultConfigurationName = Release;
		};
		4A3CFF0B1CDD5F37003EF6F0 /* Build configuration list for PBXNativeTarget "MetovaTestKit" */ = {
			isa = XCConfigurationList;
			buildConfigurations = (
				4A3CFF0C1CDD5F37003EF6F0 /* Debug */,
				4A3CFF0D1CDD5F37003EF6F0 /* Release */,
			);
			defaultConfigurationIsVisible = 0;
			defaultConfigurationName = Release;
		};
		4A3CFF0E1CDD5F37003EF6F0 /* Build configuration list for PBXNativeTarget "MetovaTestKitTests" */ = {
			isa = XCConfigurationList;
			buildConfigurations = (
				4A3CFF0F1CDD5F37003EF6F0 /* Debug */,
				4A3CFF101CDD5F37003EF6F0 /* Release */,
			);
			defaultConfigurationIsVisible = 0;
			defaultConfigurationName = Release;
		};
		6E2368221F043F37008E3231 /* Build configuration list for PBXNativeTarget "HostApplicationForTesting" */ = {
			isa = XCConfigurationList;
			buildConfigurations = (
				6E2368231F043F37008E3231 /* Debug */,
				6E2368241F043F37008E3231 /* Release */,
			);
			defaultConfigurationIsVisible = 0;
			defaultConfigurationName = Release;
		};
		6E2368301F043F5A008E3231 /* Build configuration list for PBXNativeTarget "HostedTests" */ = {
			isa = XCConfigurationList;
			buildConfigurations = (
				6E2368311F043F5A008E3231 /* Debug */,
				6E2368321F043F5A008E3231 /* Release */,
			);
			defaultConfigurationIsVisible = 0;
			defaultConfigurationName = Release;
		};
/* End XCConfigurationList section */
	};
	rootObject = 4A3CFEEE1CDD5F37003EF6F0 /* Project object */;
}
